
Microsoft Visual Studio Solution File, Format Version 12.00
# Visual Studio Version 17
VisualStudioVersion = 17.1.32421.90
MinimumVisualStudioVersion = 10.0.40219.1
Project("{9A19103F-16F7-4668-BE54-9A1E7A4F7556}") = "Orleans.Providers.MongoDB", "Orleans.Providers.MongoDB\Orleans.Providers.MongoDB.csproj", "{E49725D0-D9E8-4F68-8FE3-919F062D3041}"
EndProject
Project("{2150E333-8FDC-42A3-9474-1A3956D46DE8}") = "Test", "Test", "{7A336DC5-203A-4E16-B3A4-C6E2B79DDBD0}"
EndProject
Project("{9A19103F-16F7-4668-BE54-9A1E7A4F7556}") = "Orleans.Providers.MongoDB.Test.Host", "Test\Host\Orleans.Providers.MongoDB.Test.Host.csproj", "{4B8A18F9-E41A-426A-9268-AAC92A6C8DEB}"
EndProject
Project("{9A19103F-16F7-4668-BE54-9A1E7A4F7556}") = "Orleans.Providers.MongoDB.Test.GrainInterfaces", "Test\GrainInterfaces\Orleans.Providers.MongoDB.Test.GrainInterfaces.csproj", "{91732FBF-D745-4B77-9664-A583D8AD5EF2}"
EndProject
Project("{9A19103F-16F7-4668-BE54-9A1E7A4F7556}") = "Orleans.Providers.MongoDB.Test.Grains", "Test\Grains\Orleans.Providers.MongoDB.Test.Grains.csproj", "{FF122DE7-FAB0-4605-B5AA-D8716CBCB6E9}"
EndProject
Project("{2150E333-8FDC-42A3-9474-1A3956D46DE8}") = "Solution Items", "Solution Items", "{95360976-D8C6-406C-9992-D0EF6D1E0AD3}"
	ProjectSection(SolutionItems) = preProject
		Orleans.Providers.MongoDB.sln.DotSettings = Orleans.Providers.MongoDB.sln.DotSettings
	EndProjectSection
EndProject
Project("{2150E333-8FDC-42A3-9474-1A3956D46DE8}") = "Build", "Build", "{A29BB09A-B983-4BEC-80F0-FE28DE6B6CE9}"
	ProjectSection(SolutionItems) = preProject
		Build\Build.bat = Build\Build.bat
	EndProjectSection
EndProject
Project("{9A19103F-16F7-4668-BE54-9A1E7A4F7556}") = "Orleans.Providers.MongoDB.UnitTest", "UnitTest\Orleans.Providers.MongoDB.UnitTest.csproj", "{37355F14-D96A-47BA-92E4-2C7083541C7C}"
EndProject
Project("{2150E333-8FDC-42A3-9474-1A3956D46DE8}") = "libs", "libs", "{F7E4F3C1-E871-4BE9-8841-19E4FFB49572}"
EndProject
Project("{2150E333-8FDC-42A3-9474-1A3956D46DE8}") = "orleans", "orleans", "{00BCCB49-80FC-48E4-8A2B-89E0F6313457}"
EndProject
Project("{9A19103F-16F7-4668-BE54-9A1E7A4F7556}") = "Orleans.Serialization.Abstractions", "libs\orleans\src\Orleans.Serialization.Abstractions\Orleans.Serialization.Abstractions.csproj", "{2A9C009B-5219-47DB-A540-106DADF9FC91}"
EndProject
Project("{9A19103F-16F7-4668-BE54-9A1E7A4F7556}") = "Orleans.Analyzers", "libs\orleans\src\Orleans.Analyzers\Orleans.Analyzers.csproj", "{8CE65361-7EFA-41B2-AE13-D6CC2A68105F}"
EndProject
Project("{9A19103F-16F7-4668-BE54-9A1E7A4F7556}") = "Orleans.CodeGenerator", "libs\orleans\src\Orleans.CodeGenerator\Orleans.CodeGenerator.csproj", "{DB0D1909-F63E-4E29-886B-1BB3D4CD9750}"
EndProject
Project("{9A19103F-16F7-4668-BE54-9A1E7A4F7556}") = "Orleans.Serialization", "libs\orleans\src\Orleans.Serialization\Orleans.Serialization.csproj", "{F3350C3E-D64D-4881-876A-F371B4235EEA}"
EndProject
Project("{9A19103F-16F7-4668-BE54-9A1E7A4F7556}") = "Orleans.Core.Abstractions", "libs\orleans\src\Orleans.Core.Abstractions\Orleans.Core.Abstractions.csproj", "{73514686-D25D-478B-9943-A86F6B0F3A37}"
EndProject
Project("{9A19103F-16F7-4668-BE54-9A1E7A4F7556}") = "Orleans.Core", "libs\orleans\src\Orleans.Core\Orleans.Core.csproj", "{BC1BD60C-E7D8-4452-A21C-290AEC8E2E74}"
EndProject
Project("{9A19103F-16F7-4668-BE54-9A1E7A4F7556}") = "Orleans.Runtime", "libs\orleans\src\Orleans.Runtime\Orleans.Runtime.csproj", "{8D33951F-683E-4513-8D7D-FB45206C9607}"
EndProject
Project("{9A19103F-16F7-4668-BE54-9A1E7A4F7556}") = "Orleans.BroadcastChannel", "libs\orleans\src\Orleans.BroadcastChannel\Orleans.BroadcastChannel.csproj", "{497D472A-0BA8-4306-A110-C4D871FD5918}"
EndProject
Project("{9A19103F-16F7-4668-BE54-9A1E7A4F7556}") = "Orleans.Clustering.AzureStorage", "libs\orleans\src\Azure\Orleans.Clustering.AzureStorage\Orleans.Clustering.AzureStorage.csproj", "{E9A8A1F9-1943-45E2-9B9C-1E51A9154D76}"
EndProject
Project("{9A19103F-16F7-4668-BE54-9A1E7A4F7556}") = "Orleans.Persistence.AzureStorage", "libs\orleans\src\Azure\Orleans.Persistence.AzureStorage\Orleans.Persistence.AzureStorage.csproj", "{B090606B-651C-42CA-B459-1E8CBDE987EA}"
EndProject
Project("{9A19103F-16F7-4668-BE54-9A1E7A4F7556}") = "Orleans.EventSourcing", "libs\orleans\src\Orleans.EventSourcing\Orleans.EventSourcing.csproj", "{187AB6FA-B34B-482B-AF4F-E0A82C196BEE}"
EndProject
Project("{9A19103F-16F7-4668-BE54-9A1E7A4F7556}") = "Orleans.GrainDirectory.AzureStorage", "libs\orleans\src\Azure\Orleans.GrainDirectory.AzureStorage\Orleans.GrainDirectory.AzureStorage.csproj", "{16B9B850-ED3B-4B45-B0F2-3F802D44F382}"
EndProject
Project("{9A19103F-16F7-4668-BE54-9A1E7A4F7556}") = "Orleans.Sdk", "libs\orleans\src\Orleans.Sdk\Orleans.Sdk.csproj", "{3D4690E1-8B66-4123-943D-E43B26E2764B}"
EndProject
Project("{9A19103F-16F7-4668-BE54-9A1E7A4F7556}") = "Orleans.Persistence.Memory", "libs\orleans\src\Orleans.Persistence.Memory\Orleans.Persistence.Memory.csproj", "{5BF79424-C1FB-4583-8295-5F86C3150431}"
EndProject
Project("{9A19103F-16F7-4668-BE54-9A1E7A4F7556}") = "Orleans.Reminders", "libs\orleans\src\Orleans.Reminders\Orleans.Reminders.csproj", "{F24358D6-7DAB-4DEB-A05E-0C4359C5F7CF}"
EndProject
Project("{9A19103F-16F7-4668-BE54-9A1E7A4F7556}") = "Orleans.Streaming", "libs\orleans\src\Orleans.Streaming\Orleans.Streaming.csproj", "{65D8F6B3-DEE2-412B-95F2-77274461D58C}"
EndProject
Project("{9A19103F-16F7-4668-BE54-9A1E7A4F7556}") = "TestInterfaces", "libs\orleans\test\Misc\TestInterfaces\TestInterfaces.csproj", "{2D1FDB2E-9E12-4453-BFF7-7F726D754791}"
EndProject
Project("{9A19103F-16F7-4668-BE54-9A1E7A4F7556}") = "Orleans.Serialization.FSharp", "libs\orleans\src\Orleans.Serialization.FSharp\Orleans.Serialization.FSharp.csproj", "{0ECCC344-21E8-4AD7-9CB9-933054200000}"
EndProject
Project("{9A19103F-16F7-4668-BE54-9A1E7A4F7556}") = "TestGrainInterfaces", "libs\orleans\test\Grains\TestGrainInterfaces\TestGrainInterfaces.csproj", "{CC76035A-056B-43F3-8FFB-92DE66A19305}"
EndProject
Project("{6EC3EE1D-3C4E-46DD-8F32-0CC8E7565705}") = "TestFSharp", "libs\orleans\test\Grains\TestFSharp\TestFSharp.fsproj", "{8A652779-85EF-48E2-A639-1EED3CE2C39C}"
EndProject
Project("{9A19103F-16F7-4668-BE54-9A1E7A4F7556}") = "Orleans.CodeGenerator.MSBuild.Bootstrap", "libs\orleans\src\BootstrapBuild\Orleans.CodeGenerator.MSBuild.Bootstrap\Orleans.CodeGenerator.MSBuild.Bootstrap.csproj", "{7735FCC6-4D1F-4FCA-8D8F-44515EF558C0}"
EndProject
Project("{9A19103F-16F7-4668-BE54-9A1E7A4F7556}") = "Orleans.CodeGenerator.MSBuild", "libs\orleans\src\Orleans.CodeGenerator.MSBuild\Orleans.CodeGenerator.MSBuild.csproj", "{A145AFFC-E0CF-4861-AB0C-427C7670FF37}"
EndProject
Project("{6EC3EE1D-3C4E-46DD-8F32-0CC8E7565705}") = "TestFSharpInterfaces", "libs\orleans\test\Misc\TestFSharpInterfaces\TestFSharpInterfaces.fsproj", "{A4F61392-36A3-457C-80D0-9CDC48F5922F}"
EndProject
Project("{9A19103F-16F7-4668-BE54-9A1E7A4F7556}") = "TestFSharpGrainInterfaces", "libs\orleans\test\Grains\TestFSharpGrainInterfaces\TestFSharpGrainInterfaces.csproj", "{43BD15AA-E53D-4FB5-8E04-765EC86797F5}"
EndProject
Project("{9A19103F-16F7-4668-BE54-9A1E7A4F7556}") = "Orleans.TestingHost", "libs\orleans\src\Orleans.TestingHost\Orleans.TestingHost.csproj", "{9BCF7A12-6A5B-43FF-828A-A804F9B9DBB4}"
EndProject
Project("{9A19103F-16F7-4668-BE54-9A1E7A4F7556}") = "TestExtensions", "libs\orleans\test\TestInfrastructure\TestExtensions\TestExtensions.csproj", "{BA9ED8EC-C8CB-490B-BE88-2173DEF64B27}"
EndProject
Project("{9A19103F-16F7-4668-BE54-9A1E7A4F7556}") = "TestGrains", "libs\orleans\test\Grains\TestGrains\TestGrains.csproj", "{B84A0977-EF3A-44B0-B4EF-CE68B387AE63}"
EndProject
Project("{9A19103F-16F7-4668-BE54-9A1E7A4F7556}") = "TestInternalGrainInterfaces", "libs\orleans\test\Grains\TestInternalGrainInterfaces\TestInternalGrainInterfaces.csproj", "{EBD697E3-91BE-4844-B3F0-6997300A8C12}"
EndProject
Project("{9A19103F-16F7-4668-BE54-9A1E7A4F7556}") = "TestInternalGrains", "libs\orleans\test\Grains\TestInternalGrains\TestInternalGrains.csproj", "{A1DD513F-2873-4AC4-8CA6-B8474C391A86}"
EndProject
Project("{9A19103F-16F7-4668-BE54-9A1E7A4F7556}") = "TestVersionGrains", "libs\orleans\test\Grains\TestVersionGrains\TestVersionGrains.csproj", "{DDE5FD37-930E-4150-973B-FF8FE12E4CFF}"
EndProject
Project("{9A19103F-16F7-4668-BE54-9A1E7A4F7556}") = "Tester", "libs\orleans\test\Tester\Tester.csproj", "{A08113E1-DA6E-4861-8F4B-057D09864FA1}"
EndProject
Project("{9A19103F-16F7-4668-BE54-9A1E7A4F7556}") = "TesterInternal", "libs\orleans\test\TesterInternal\TesterInternal.csproj", "{7A4D8643-F6B4-4D65-9688-D81421A7E3EF}"
EndProject
Global
	GlobalSection(SolutionConfigurationPlatforms) = preSolution
		Debug|Any CPU = Debug|Any CPU
		Debug|ARM = Debug|ARM
		Debug|x64 = Debug|x64
		Debug|x86 = Debug|x86
		Release|Any CPU = Release|Any CPU
		Release|ARM = Release|ARM
		Release|x64 = Release|x64
		Release|x86 = Release|x86
	EndGlobalSection
	GlobalSection(ProjectConfigurationPlatforms) = postSolution
		{E49725D0-D9E8-4F68-8FE3-919F062D3041}.Debug|Any CPU.ActiveCfg = Debug|Any CPU
		{E49725D0-D9E8-4F68-8FE3-919F062D3041}.Debug|Any CPU.Build.0 = Debug|Any CPU
		{E49725D0-D9E8-4F68-8FE3-919F062D3041}.Debug|ARM.ActiveCfg = Debug|Any CPU
		{E49725D0-D9E8-4F68-8FE3-919F062D3041}.Debug|ARM.Build.0 = Debug|Any CPU
		{E49725D0-D9E8-4F68-8FE3-919F062D3041}.Debug|x64.ActiveCfg = Debug|Any CPU
		{E49725D0-D9E8-4F68-8FE3-919F062D3041}.Debug|x64.Build.0 = Debug|Any CPU
		{E49725D0-D9E8-4F68-8FE3-919F062D3041}.Debug|x86.ActiveCfg = Debug|Any CPU
		{E49725D0-D9E8-4F68-8FE3-919F062D3041}.Debug|x86.Build.0 = Debug|Any CPU
		{E49725D0-D9E8-4F68-8FE3-919F062D3041}.Release|Any CPU.ActiveCfg = Release|Any CPU
		{E49725D0-D9E8-4F68-8FE3-919F062D3041}.Release|Any CPU.Build.0 = Release|Any CPU
		{E49725D0-D9E8-4F68-8FE3-919F062D3041}.Release|ARM.ActiveCfg = Release|Any CPU
		{E49725D0-D9E8-4F68-8FE3-919F062D3041}.Release|ARM.Build.0 = Release|Any CPU
		{E49725D0-D9E8-4F68-8FE3-919F062D3041}.Release|x64.ActiveCfg = Release|Any CPU
		{E49725D0-D9E8-4F68-8FE3-919F062D3041}.Release|x64.Build.0 = Release|Any CPU
		{E49725D0-D9E8-4F68-8FE3-919F062D3041}.Release|x86.ActiveCfg = Release|Any CPU
		{E49725D0-D9E8-4F68-8FE3-919F062D3041}.Release|x86.Build.0 = Release|Any CPU
		{4B8A18F9-E41A-426A-9268-AAC92A6C8DEB}.Debug|Any CPU.ActiveCfg = Debug|Any CPU
		{4B8A18F9-E41A-426A-9268-AAC92A6C8DEB}.Debug|Any CPU.Build.0 = Debug|Any CPU
		{4B8A18F9-E41A-426A-9268-AAC92A6C8DEB}.Debug|ARM.ActiveCfg = Debug|Any CPU
		{4B8A18F9-E41A-426A-9268-AAC92A6C8DEB}.Debug|ARM.Build.0 = Debug|Any CPU
		{4B8A18F9-E41A-426A-9268-AAC92A6C8DEB}.Debug|x64.ActiveCfg = Debug|Any CPU
		{4B8A18F9-E41A-426A-9268-AAC92A6C8DEB}.Debug|x64.Build.0 = Debug|Any CPU
		{4B8A18F9-E41A-426A-9268-AAC92A6C8DEB}.Debug|x86.ActiveCfg = Debug|Any CPU
		{4B8A18F9-E41A-426A-9268-AAC92A6C8DEB}.Debug|x86.Build.0 = Debug|Any CPU
		{4B8A18F9-E41A-426A-9268-AAC92A6C8DEB}.Release|Any CPU.ActiveCfg = Release|Any CPU
		{4B8A18F9-E41A-426A-9268-AAC92A6C8DEB}.Release|Any CPU.Build.0 = Release|Any CPU
		{4B8A18F9-E41A-426A-9268-AAC92A6C8DEB}.Release|ARM.ActiveCfg = Release|Any CPU
		{4B8A18F9-E41A-426A-9268-AAC92A6C8DEB}.Release|ARM.Build.0 = Release|Any CPU
		{4B8A18F9-E41A-426A-9268-AAC92A6C8DEB}.Release|x64.ActiveCfg = Release|Any CPU
		{4B8A18F9-E41A-426A-9268-AAC92A6C8DEB}.Release|x64.Build.0 = Release|Any CPU
		{4B8A18F9-E41A-426A-9268-AAC92A6C8DEB}.Release|x86.ActiveCfg = Release|Any CPU
		{4B8A18F9-E41A-426A-9268-AAC92A6C8DEB}.Release|x86.Build.0 = Release|Any CPU
		{91732FBF-D745-4B77-9664-A583D8AD5EF2}.Debug|Any CPU.ActiveCfg = Debug|Any CPU
		{91732FBF-D745-4B77-9664-A583D8AD5EF2}.Debug|Any CPU.Build.0 = Debug|Any CPU
		{91732FBF-D745-4B77-9664-A583D8AD5EF2}.Debug|ARM.ActiveCfg = Debug|Any CPU
		{91732FBF-D745-4B77-9664-A583D8AD5EF2}.Debug|ARM.Build.0 = Debug|Any CPU
		{91732FBF-D745-4B77-9664-A583D8AD5EF2}.Debug|x64.ActiveCfg = Debug|Any CPU
		{91732FBF-D745-4B77-9664-A583D8AD5EF2}.Debug|x64.Build.0 = Debug|Any CPU
		{91732FBF-D745-4B77-9664-A583D8AD5EF2}.Debug|x86.ActiveCfg = Debug|Any CPU
		{91732FBF-D745-4B77-9664-A583D8AD5EF2}.Debug|x86.Build.0 = Debug|Any CPU
		{91732FBF-D745-4B77-9664-A583D8AD5EF2}.Release|Any CPU.ActiveCfg = Release|Any CPU
		{91732FBF-D745-4B77-9664-A583D8AD5EF2}.Release|Any CPU.Build.0 = Release|Any CPU
		{91732FBF-D745-4B77-9664-A583D8AD5EF2}.Release|ARM.ActiveCfg = Release|Any CPU
		{91732FBF-D745-4B77-9664-A583D8AD5EF2}.Release|ARM.Build.0 = Release|Any CPU
		{91732FBF-D745-4B77-9664-A583D8AD5EF2}.Release|x64.ActiveCfg = Release|Any CPU
		{91732FBF-D745-4B77-9664-A583D8AD5EF2}.Release|x64.Build.0 = Release|Any CPU
		{91732FBF-D745-4B77-9664-A583D8AD5EF2}.Release|x86.ActiveCfg = Release|Any CPU
		{91732FBF-D745-4B77-9664-A583D8AD5EF2}.Release|x86.Build.0 = Release|Any CPU
		{FF122DE7-FAB0-4605-B5AA-D8716CBCB6E9}.Debug|Any CPU.ActiveCfg = Debug|Any CPU
		{FF122DE7-FAB0-4605-B5AA-D8716CBCB6E9}.Debug|Any CPU.Build.0 = Debug|Any CPU
		{FF122DE7-FAB0-4605-B5AA-D8716CBCB6E9}.Debug|ARM.ActiveCfg = Debug|Any CPU
		{FF122DE7-FAB0-4605-B5AA-D8716CBCB6E9}.Debug|ARM.Build.0 = Debug|Any CPU
		{FF122DE7-FAB0-4605-B5AA-D8716CBCB6E9}.Debug|x64.ActiveCfg = Debug|Any CPU
		{FF122DE7-FAB0-4605-B5AA-D8716CBCB6E9}.Debug|x64.Build.0 = Debug|Any CPU
		{FF122DE7-FAB0-4605-B5AA-D8716CBCB6E9}.Debug|x86.ActiveCfg = Debug|Any CPU
		{FF122DE7-FAB0-4605-B5AA-D8716CBCB6E9}.Debug|x86.Build.0 = Debug|Any CPU
		{FF122DE7-FAB0-4605-B5AA-D8716CBCB6E9}.Release|Any CPU.ActiveCfg = Release|Any CPU
		{FF122DE7-FAB0-4605-B5AA-D8716CBCB6E9}.Release|Any CPU.Build.0 = Release|Any CPU
		{FF122DE7-FAB0-4605-B5AA-D8716CBCB6E9}.Release|ARM.ActiveCfg = Release|Any CPU
		{FF122DE7-FAB0-4605-B5AA-D8716CBCB6E9}.Release|ARM.Build.0 = Release|Any CPU
		{FF122DE7-FAB0-4605-B5AA-D8716CBCB6E9}.Release|x64.ActiveCfg = Release|Any CPU
		{FF122DE7-FAB0-4605-B5AA-D8716CBCB6E9}.Release|x64.Build.0 = Release|Any CPU
		{FF122DE7-FAB0-4605-B5AA-D8716CBCB6E9}.Release|x86.ActiveCfg = Release|Any CPU
		{FF122DE7-FAB0-4605-B5AA-D8716CBCB6E9}.Release|x86.Build.0 = Release|Any CPU
		{37355F14-D96A-47BA-92E4-2C7083541C7C}.Debug|Any CPU.ActiveCfg = Debug|Any CPU
		{37355F14-D96A-47BA-92E4-2C7083541C7C}.Debug|Any CPU.Build.0 = Debug|Any CPU
		{37355F14-D96A-47BA-92E4-2C7083541C7C}.Debug|ARM.ActiveCfg = Debug|Any CPU
		{37355F14-D96A-47BA-92E4-2C7083541C7C}.Debug|ARM.Build.0 = Debug|Any CPU
		{37355F14-D96A-47BA-92E4-2C7083541C7C}.Debug|x64.ActiveCfg = Debug|Any CPU
		{37355F14-D96A-47BA-92E4-2C7083541C7C}.Debug|x64.Build.0 = Debug|Any CPU
		{37355F14-D96A-47BA-92E4-2C7083541C7C}.Debug|x86.ActiveCfg = Debug|Any CPU
		{37355F14-D96A-47BA-92E4-2C7083541C7C}.Debug|x86.Build.0 = Debug|Any CPU
		{37355F14-D96A-47BA-92E4-2C7083541C7C}.Release|Any CPU.ActiveCfg = Release|Any CPU
		{37355F14-D96A-47BA-92E4-2C7083541C7C}.Release|Any CPU.Build.0 = Release|Any CPU
		{37355F14-D96A-47BA-92E4-2C7083541C7C}.Release|ARM.ActiveCfg = Release|Any CPU
		{37355F14-D96A-47BA-92E4-2C7083541C7C}.Release|ARM.Build.0 = Release|Any CPU
		{37355F14-D96A-47BA-92E4-2C7083541C7C}.Release|x64.ActiveCfg = Release|Any CPU
		{37355F14-D96A-47BA-92E4-2C7083541C7C}.Release|x64.Build.0 = Release|Any CPU
		{37355F14-D96A-47BA-92E4-2C7083541C7C}.Release|x86.ActiveCfg = Release|Any CPU
		{37355F14-D96A-47BA-92E4-2C7083541C7C}.Release|x86.Build.0 = Release|Any CPU
		{2A9C009B-5219-47DB-A540-106DADF9FC91}.Debug|Any CPU.ActiveCfg = Debug|Any CPU
		{2A9C009B-5219-47DB-A540-106DADF9FC91}.Debug|Any CPU.Build.0 = Debug|Any CPU
		{2A9C009B-5219-47DB-A540-106DADF9FC91}.Debug|ARM.ActiveCfg = Debug|Any CPU
		{2A9C009B-5219-47DB-A540-106DADF9FC91}.Debug|ARM.Build.0 = Debug|Any CPU
		{2A9C009B-5219-47DB-A540-106DADF9FC91}.Debug|x64.ActiveCfg = Debug|Any CPU
		{2A9C009B-5219-47DB-A540-106DADF9FC91}.Debug|x64.Build.0 = Debug|Any CPU
		{2A9C009B-5219-47DB-A540-106DADF9FC91}.Debug|x86.ActiveCfg = Debug|Any CPU
		{2A9C009B-5219-47DB-A540-106DADF9FC91}.Debug|x86.Build.0 = Debug|Any CPU
		{2A9C009B-5219-47DB-A540-106DADF9FC91}.Release|Any CPU.ActiveCfg = Release|Any CPU
		{2A9C009B-5219-47DB-A540-106DADF9FC91}.Release|Any CPU.Build.0 = Release|Any CPU
		{2A9C009B-5219-47DB-A540-106DADF9FC91}.Release|ARM.ActiveCfg = Release|Any CPU
		{2A9C009B-5219-47DB-A540-106DADF9FC91}.Release|ARM.Build.0 = Release|Any CPU
		{2A9C009B-5219-47DB-A540-106DADF9FC91}.Release|x64.ActiveCfg = Release|Any CPU
		{2A9C009B-5219-47DB-A540-106DADF9FC91}.Release|x64.Build.0 = Release|Any CPU
		{2A9C009B-5219-47DB-A540-106DADF9FC91}.Release|x86.ActiveCfg = Release|Any CPU
		{2A9C009B-5219-47DB-A540-106DADF9FC91}.Release|x86.Build.0 = Release|Any CPU
		{8CE65361-7EFA-41B2-AE13-D6CC2A68105F}.Debug|Any CPU.ActiveCfg = Debug|Any CPU
		{8CE65361-7EFA-41B2-AE13-D6CC2A68105F}.Debug|Any CPU.Build.0 = Debug|Any CPU
		{8CE65361-7EFA-41B2-AE13-D6CC2A68105F}.Debug|ARM.ActiveCfg = Debug|Any CPU
		{8CE65361-7EFA-41B2-AE13-D6CC2A68105F}.Debug|ARM.Build.0 = Debug|Any CPU
		{8CE65361-7EFA-41B2-AE13-D6CC2A68105F}.Debug|x64.ActiveCfg = Debug|Any CPU
		{8CE65361-7EFA-41B2-AE13-D6CC2A68105F}.Debug|x64.Build.0 = Debug|Any CPU
		{8CE65361-7EFA-41B2-AE13-D6CC2A68105F}.Debug|x86.ActiveCfg = Debug|Any CPU
		{8CE65361-7EFA-41B2-AE13-D6CC2A68105F}.Debug|x86.Build.0 = Debug|Any CPU
		{8CE65361-7EFA-41B2-AE13-D6CC2A68105F}.Release|Any CPU.ActiveCfg = Release|Any CPU
		{8CE65361-7EFA-41B2-AE13-D6CC2A68105F}.Release|Any CPU.Build.0 = Release|Any CPU
		{8CE65361-7EFA-41B2-AE13-D6CC2A68105F}.Release|ARM.ActiveCfg = Release|Any CPU
		{8CE65361-7EFA-41B2-AE13-D6CC2A68105F}.Release|ARM.Build.0 = Release|Any CPU
		{8CE65361-7EFA-41B2-AE13-D6CC2A68105F}.Release|x64.ActiveCfg = Release|Any CPU
		{8CE65361-7EFA-41B2-AE13-D6CC2A68105F}.Release|x64.Build.0 = Release|Any CPU
		{8CE65361-7EFA-41B2-AE13-D6CC2A68105F}.Release|x86.ActiveCfg = Release|Any CPU
		{8CE65361-7EFA-41B2-AE13-D6CC2A68105F}.Release|x86.Build.0 = Release|Any CPU
		{DB0D1909-F63E-4E29-886B-1BB3D4CD9750}.Debug|Any CPU.ActiveCfg = Debug|Any CPU
		{DB0D1909-F63E-4E29-886B-1BB3D4CD9750}.Debug|Any CPU.Build.0 = Debug|Any CPU
		{DB0D1909-F63E-4E29-886B-1BB3D4CD9750}.Debug|ARM.ActiveCfg = Debug|Any CPU
		{DB0D1909-F63E-4E29-886B-1BB3D4CD9750}.Debug|ARM.Build.0 = Debug|Any CPU
		{DB0D1909-F63E-4E29-886B-1BB3D4CD9750}.Debug|x64.ActiveCfg = Debug|Any CPU
		{DB0D1909-F63E-4E29-886B-1BB3D4CD9750}.Debug|x64.Build.0 = Debug|Any CPU
		{DB0D1909-F63E-4E29-886B-1BB3D4CD9750}.Debug|x86.ActiveCfg = Debug|Any CPU
		{DB0D1909-F63E-4E29-886B-1BB3D4CD9750}.Debug|x86.Build.0 = Debug|Any CPU
		{DB0D1909-F63E-4E29-886B-1BB3D4CD9750}.Release|Any CPU.ActiveCfg = Release|Any CPU
		{DB0D1909-F63E-4E29-886B-1BB3D4CD9750}.Release|Any CPU.Build.0 = Release|Any CPU
		{DB0D1909-F63E-4E29-886B-1BB3D4CD9750}.Release|ARM.ActiveCfg = Release|Any CPU
		{DB0D1909-F63E-4E29-886B-1BB3D4CD9750}.Release|ARM.Build.0 = Release|Any CPU
		{DB0D1909-F63E-4E29-886B-1BB3D4CD9750}.Release|x64.ActiveCfg = Release|Any CPU
		{DB0D1909-F63E-4E29-886B-1BB3D4CD9750}.Release|x64.Build.0 = Release|Any CPU
		{DB0D1909-F63E-4E29-886B-1BB3D4CD9750}.Release|x86.ActiveCfg = Release|Any CPU
		{DB0D1909-F63E-4E29-886B-1BB3D4CD9750}.Release|x86.Build.0 = Release|Any CPU
		{F3350C3E-D64D-4881-876A-F371B4235EEA}.Debug|Any CPU.ActiveCfg = Debug|Any CPU
		{F3350C3E-D64D-4881-876A-F371B4235EEA}.Debug|Any CPU.Build.0 = Debug|Any CPU
		{F3350C3E-D64D-4881-876A-F371B4235EEA}.Debug|ARM.ActiveCfg = Debug|Any CPU
		{F3350C3E-D64D-4881-876A-F371B4235EEA}.Debug|ARM.Build.0 = Debug|Any CPU
		{F3350C3E-D64D-4881-876A-F371B4235EEA}.Debug|x64.ActiveCfg = Debug|Any CPU
		{F3350C3E-D64D-4881-876A-F371B4235EEA}.Debug|x64.Build.0 = Debug|Any CPU
		{F3350C3E-D64D-4881-876A-F371B4235EEA}.Debug|x86.ActiveCfg = Debug|Any CPU
		{F3350C3E-D64D-4881-876A-F371B4235EEA}.Debug|x86.Build.0 = Debug|Any CPU
		{F3350C3E-D64D-4881-876A-F371B4235EEA}.Release|Any CPU.ActiveCfg = Release|Any CPU
		{F3350C3E-D64D-4881-876A-F371B4235EEA}.Release|Any CPU.Build.0 = Release|Any CPU
		{F3350C3E-D64D-4881-876A-F371B4235EEA}.Release|ARM.ActiveCfg = Release|Any CPU
		{F3350C3E-D64D-4881-876A-F371B4235EEA}.Release|ARM.Build.0 = Release|Any CPU
		{F3350C3E-D64D-4881-876A-F371B4235EEA}.Release|x64.ActiveCfg = Release|Any CPU
		{F3350C3E-D64D-4881-876A-F371B4235EEA}.Release|x64.Build.0 = Release|Any CPU
		{F3350C3E-D64D-4881-876A-F371B4235EEA}.Release|x86.ActiveCfg = Release|Any CPU
		{F3350C3E-D64D-4881-876A-F371B4235EEA}.Release|x86.Build.0 = Release|Any CPU
		{73514686-D25D-478B-9943-A86F6B0F3A37}.Debug|Any CPU.ActiveCfg = Debug|Any CPU
		{73514686-D25D-478B-9943-A86F6B0F3A37}.Debug|Any CPU.Build.0 = Debug|Any CPU
		{73514686-D25D-478B-9943-A86F6B0F3A37}.Debug|ARM.ActiveCfg = Debug|Any CPU
		{73514686-D25D-478B-9943-A86F6B0F3A37}.Debug|ARM.Build.0 = Debug|Any CPU
		{73514686-D25D-478B-9943-A86F6B0F3A37}.Debug|x64.ActiveCfg = Debug|Any CPU
		{73514686-D25D-478B-9943-A86F6B0F3A37}.Debug|x64.Build.0 = Debug|Any CPU
		{73514686-D25D-478B-9943-A86F6B0F3A37}.Debug|x86.ActiveCfg = Debug|Any CPU
		{73514686-D25D-478B-9943-A86F6B0F3A37}.Debug|x86.Build.0 = Debug|Any CPU
		{73514686-D25D-478B-9943-A86F6B0F3A37}.Release|Any CPU.ActiveCfg = Release|Any CPU
		{73514686-D25D-478B-9943-A86F6B0F3A37}.Release|Any CPU.Build.0 = Release|Any CPU
		{73514686-D25D-478B-9943-A86F6B0F3A37}.Release|ARM.ActiveCfg = Release|Any CPU
		{73514686-D25D-478B-9943-A86F6B0F3A37}.Release|ARM.Build.0 = Release|Any CPU
		{73514686-D25D-478B-9943-A86F6B0F3A37}.Release|x64.ActiveCfg = Release|Any CPU
		{73514686-D25D-478B-9943-A86F6B0F3A37}.Release|x64.Build.0 = Release|Any CPU
		{73514686-D25D-478B-9943-A86F6B0F3A37}.Release|x86.ActiveCfg = Release|Any CPU
		{73514686-D25D-478B-9943-A86F6B0F3A37}.Release|x86.Build.0 = Release|Any CPU
		{BC1BD60C-E7D8-4452-A21C-290AEC8E2E74}.Debug|Any CPU.ActiveCfg = Debug|Any CPU
		{BC1BD60C-E7D8-4452-A21C-290AEC8E2E74}.Debug|Any CPU.Build.0 = Debug|Any CPU
		{BC1BD60C-E7D8-4452-A21C-290AEC8E2E74}.Debug|ARM.ActiveCfg = Debug|Any CPU
		{BC1BD60C-E7D8-4452-A21C-290AEC8E2E74}.Debug|ARM.Build.0 = Debug|Any CPU
		{BC1BD60C-E7D8-4452-A21C-290AEC8E2E74}.Debug|x64.ActiveCfg = Debug|Any CPU
		{BC1BD60C-E7D8-4452-A21C-290AEC8E2E74}.Debug|x64.Build.0 = Debug|Any CPU
		{BC1BD60C-E7D8-4452-A21C-290AEC8E2E74}.Debug|x86.ActiveCfg = Debug|Any CPU
		{BC1BD60C-E7D8-4452-A21C-290AEC8E2E74}.Debug|x86.Build.0 = Debug|Any CPU
		{BC1BD60C-E7D8-4452-A21C-290AEC8E2E74}.Release|Any CPU.ActiveCfg = Release|Any CPU
		{BC1BD60C-E7D8-4452-A21C-290AEC8E2E74}.Release|Any CPU.Build.0 = Release|Any CPU
		{BC1BD60C-E7D8-4452-A21C-290AEC8E2E74}.Release|ARM.ActiveCfg = Release|Any CPU
		{BC1BD60C-E7D8-4452-A21C-290AEC8E2E74}.Release|ARM.Build.0 = Release|Any CPU
		{BC1BD60C-E7D8-4452-A21C-290AEC8E2E74}.Release|x64.ActiveCfg = Release|Any CPU
		{BC1BD60C-E7D8-4452-A21C-290AEC8E2E74}.Release|x64.Build.0 = Release|Any CPU
		{BC1BD60C-E7D8-4452-A21C-290AEC8E2E74}.Release|x86.ActiveCfg = Release|Any CPU
		{BC1BD60C-E7D8-4452-A21C-290AEC8E2E74}.Release|x86.Build.0 = Release|Any CPU
		{8D33951F-683E-4513-8D7D-FB45206C9607}.Debug|Any CPU.ActiveCfg = Debug|Any CPU
		{8D33951F-683E-4513-8D7D-FB45206C9607}.Debug|Any CPU.Build.0 = Debug|Any CPU
		{8D33951F-683E-4513-8D7D-FB45206C9607}.Debug|ARM.ActiveCfg = Debug|Any CPU
		{8D33951F-683E-4513-8D7D-FB45206C9607}.Debug|ARM.Build.0 = Debug|Any CPU
		{8D33951F-683E-4513-8D7D-FB45206C9607}.Debug|x64.ActiveCfg = Debug|Any CPU
		{8D33951F-683E-4513-8D7D-FB45206C9607}.Debug|x64.Build.0 = Debug|Any CPU
		{8D33951F-683E-4513-8D7D-FB45206C9607}.Debug|x86.ActiveCfg = Debug|Any CPU
		{8D33951F-683E-4513-8D7D-FB45206C9607}.Debug|x86.Build.0 = Debug|Any CPU
		{8D33951F-683E-4513-8D7D-FB45206C9607}.Release|Any CPU.ActiveCfg = Release|Any CPU
		{8D33951F-683E-4513-8D7D-FB45206C9607}.Release|Any CPU.Build.0 = Release|Any CPU
		{8D33951F-683E-4513-8D7D-FB45206C9607}.Release|ARM.ActiveCfg = Release|Any CPU
		{8D33951F-683E-4513-8D7D-FB45206C9607}.Release|ARM.Build.0 = Release|Any CPU
		{8D33951F-683E-4513-8D7D-FB45206C9607}.Release|x64.ActiveCfg = Release|Any CPU
		{8D33951F-683E-4513-8D7D-FB45206C9607}.Release|x64.Build.0 = Release|Any CPU
		{8D33951F-683E-4513-8D7D-FB45206C9607}.Release|x86.ActiveCfg = Release|Any CPU
		{8D33951F-683E-4513-8D7D-FB45206C9607}.Release|x86.Build.0 = Release|Any CPU
		{497D472A-0BA8-4306-A110-C4D871FD5918}.Debug|Any CPU.ActiveCfg = Debug|Any CPU
		{497D472A-0BA8-4306-A110-C4D871FD5918}.Debug|Any CPU.Build.0 = Debug|Any CPU
		{497D472A-0BA8-4306-A110-C4D871FD5918}.Debug|ARM.ActiveCfg = Debug|Any CPU
		{497D472A-0BA8-4306-A110-C4D871FD5918}.Debug|ARM.Build.0 = Debug|Any CPU
		{497D472A-0BA8-4306-A110-C4D871FD5918}.Debug|x64.ActiveCfg = Debug|Any CPU
		{497D472A-0BA8-4306-A110-C4D871FD5918}.Debug|x64.Build.0 = Debug|Any CPU
		{497D472A-0BA8-4306-A110-C4D871FD5918}.Debug|x86.ActiveCfg = Debug|Any CPU
		{497D472A-0BA8-4306-A110-C4D871FD5918}.Debug|x86.Build.0 = Debug|Any CPU
		{497D472A-0BA8-4306-A110-C4D871FD5918}.Release|Any CPU.ActiveCfg = Release|Any CPU
		{497D472A-0BA8-4306-A110-C4D871FD5918}.Release|Any CPU.Build.0 = Release|Any CPU
		{497D472A-0BA8-4306-A110-C4D871FD5918}.Release|ARM.ActiveCfg = Release|Any CPU
		{497D472A-0BA8-4306-A110-C4D871FD5918}.Release|ARM.Build.0 = Release|Any CPU
		{497D472A-0BA8-4306-A110-C4D871FD5918}.Release|x64.ActiveCfg = Release|Any CPU
		{497D472A-0BA8-4306-A110-C4D871FD5918}.Release|x64.Build.0 = Release|Any CPU
		{497D472A-0BA8-4306-A110-C4D871FD5918}.Release|x86.ActiveCfg = Release|Any CPU
		{497D472A-0BA8-4306-A110-C4D871FD5918}.Release|x86.Build.0 = Release|Any CPU
		{E9A8A1F9-1943-45E2-9B9C-1E51A9154D76}.Debug|Any CPU.ActiveCfg = Debug|Any CPU
		{E9A8A1F9-1943-45E2-9B9C-1E51A9154D76}.Debug|Any CPU.Build.0 = Debug|Any CPU
		{E9A8A1F9-1943-45E2-9B9C-1E51A9154D76}.Debug|ARM.ActiveCfg = Debug|Any CPU
		{E9A8A1F9-1943-45E2-9B9C-1E51A9154D76}.Debug|ARM.Build.0 = Debug|Any CPU
		{E9A8A1F9-1943-45E2-9B9C-1E51A9154D76}.Debug|x64.ActiveCfg = Debug|Any CPU
		{E9A8A1F9-1943-45E2-9B9C-1E51A9154D76}.Debug|x64.Build.0 = Debug|Any CPU
		{E9A8A1F9-1943-45E2-9B9C-1E51A9154D76}.Debug|x86.ActiveCfg = Debug|Any CPU
		{E9A8A1F9-1943-45E2-9B9C-1E51A9154D76}.Debug|x86.Build.0 = Debug|Any CPU
		{E9A8A1F9-1943-45E2-9B9C-1E51A9154D76}.Release|Any CPU.ActiveCfg = Release|Any CPU
		{E9A8A1F9-1943-45E2-9B9C-1E51A9154D76}.Release|Any CPU.Build.0 = Release|Any CPU
		{E9A8A1F9-1943-45E2-9B9C-1E51A9154D76}.Release|ARM.ActiveCfg = Release|Any CPU
		{E9A8A1F9-1943-45E2-9B9C-1E51A9154D76}.Release|ARM.Build.0 = Release|Any CPU
		{E9A8A1F9-1943-45E2-9B9C-1E51A9154D76}.Release|x64.ActiveCfg = Release|Any CPU
		{E9A8A1F9-1943-45E2-9B9C-1E51A9154D76}.Release|x64.Build.0 = Release|Any CPU
		{E9A8A1F9-1943-45E2-9B9C-1E51A9154D76}.Release|x86.ActiveCfg = Release|Any CPU
		{E9A8A1F9-1943-45E2-9B9C-1E51A9154D76}.Release|x86.Build.0 = Release|Any CPU
		{B090606B-651C-42CA-B459-1E8CBDE987EA}.Debug|Any CPU.ActiveCfg = Debug|Any CPU
		{B090606B-651C-42CA-B459-1E8CBDE987EA}.Debug|Any CPU.Build.0 = Debug|Any CPU
		{B090606B-651C-42CA-B459-1E8CBDE987EA}.Debug|ARM.ActiveCfg = Debug|Any CPU
		{B090606B-651C-42CA-B459-1E8CBDE987EA}.Debug|ARM.Build.0 = Debug|Any CPU
		{B090606B-651C-42CA-B459-1E8CBDE987EA}.Debug|x64.ActiveCfg = Debug|Any CPU
		{B090606B-651C-42CA-B459-1E8CBDE987EA}.Debug|x64.Build.0 = Debug|Any CPU
		{B090606B-651C-42CA-B459-1E8CBDE987EA}.Debug|x86.ActiveCfg = Debug|Any CPU
		{B090606B-651C-42CA-B459-1E8CBDE987EA}.Debug|x86.Build.0 = Debug|Any CPU
		{B090606B-651C-42CA-B459-1E8CBDE987EA}.Release|Any CPU.ActiveCfg = Release|Any CPU
		{B090606B-651C-42CA-B459-1E8CBDE987EA}.Release|Any CPU.Build.0 = Release|Any CPU
		{B090606B-651C-42CA-B459-1E8CBDE987EA}.Release|ARM.ActiveCfg = Release|Any CPU
		{B090606B-651C-42CA-B459-1E8CBDE987EA}.Release|ARM.Build.0 = Release|Any CPU
		{B090606B-651C-42CA-B459-1E8CBDE987EA}.Release|x64.ActiveCfg = Release|Any CPU
		{B090606B-651C-42CA-B459-1E8CBDE987EA}.Release|x64.Build.0 = Release|Any CPU
		{B090606B-651C-42CA-B459-1E8CBDE987EA}.Release|x86.ActiveCfg = Release|Any CPU
		{B090606B-651C-42CA-B459-1E8CBDE987EA}.Release|x86.Build.0 = Release|Any CPU
		{187AB6FA-B34B-482B-AF4F-E0A82C196BEE}.Debug|Any CPU.ActiveCfg = Debug|Any CPU
		{187AB6FA-B34B-482B-AF4F-E0A82C196BEE}.Debug|Any CPU.Build.0 = Debug|Any CPU
		{187AB6FA-B34B-482B-AF4F-E0A82C196BEE}.Debug|ARM.ActiveCfg = Debug|Any CPU
		{187AB6FA-B34B-482B-AF4F-E0A82C196BEE}.Debug|ARM.Build.0 = Debug|Any CPU
		{187AB6FA-B34B-482B-AF4F-E0A82C196BEE}.Debug|x64.ActiveCfg = Debug|Any CPU
		{187AB6FA-B34B-482B-AF4F-E0A82C196BEE}.Debug|x64.Build.0 = Debug|Any CPU
		{187AB6FA-B34B-482B-AF4F-E0A82C196BEE}.Debug|x86.ActiveCfg = Debug|Any CPU
		{187AB6FA-B34B-482B-AF4F-E0A82C196BEE}.Debug|x86.Build.0 = Debug|Any CPU
		{187AB6FA-B34B-482B-AF4F-E0A82C196BEE}.Release|Any CPU.ActiveCfg = Release|Any CPU
		{187AB6FA-B34B-482B-AF4F-E0A82C196BEE}.Release|Any CPU.Build.0 = Release|Any CPU
		{187AB6FA-B34B-482B-AF4F-E0A82C196BEE}.Release|ARM.ActiveCfg = Release|Any CPU
		{187AB6FA-B34B-482B-AF4F-E0A82C196BEE}.Release|ARM.Build.0 = Release|Any CPU
		{187AB6FA-B34B-482B-AF4F-E0A82C196BEE}.Release|x64.ActiveCfg = Release|Any CPU
		{187AB6FA-B34B-482B-AF4F-E0A82C196BEE}.Release|x64.Build.0 = Release|Any CPU
		{187AB6FA-B34B-482B-AF4F-E0A82C196BEE}.Release|x86.ActiveCfg = Release|Any CPU
		{187AB6FA-B34B-482B-AF4F-E0A82C196BEE}.Release|x86.Build.0 = Release|Any CPU
		{16B9B850-ED3B-4B45-B0F2-3F802D44F382}.Debug|Any CPU.ActiveCfg = Debug|Any CPU
		{16B9B850-ED3B-4B45-B0F2-3F802D44F382}.Debug|Any CPU.Build.0 = Debug|Any CPU
		{16B9B850-ED3B-4B45-B0F2-3F802D44F382}.Debug|ARM.ActiveCfg = Debug|Any CPU
		{16B9B850-ED3B-4B45-B0F2-3F802D44F382}.Debug|ARM.Build.0 = Debug|Any CPU
		{16B9B850-ED3B-4B45-B0F2-3F802D44F382}.Debug|x64.ActiveCfg = Debug|Any CPU
		{16B9B850-ED3B-4B45-B0F2-3F802D44F382}.Debug|x64.Build.0 = Debug|Any CPU
		{16B9B850-ED3B-4B45-B0F2-3F802D44F382}.Debug|x86.ActiveCfg = Debug|Any CPU
		{16B9B850-ED3B-4B45-B0F2-3F802D44F382}.Debug|x86.Build.0 = Debug|Any CPU
		{16B9B850-ED3B-4B45-B0F2-3F802D44F382}.Release|Any CPU.ActiveCfg = Release|Any CPU
		{16B9B850-ED3B-4B45-B0F2-3F802D44F382}.Release|Any CPU.Build.0 = Release|Any CPU
		{16B9B850-ED3B-4B45-B0F2-3F802D44F382}.Release|ARM.ActiveCfg = Release|Any CPU
		{16B9B850-ED3B-4B45-B0F2-3F802D44F382}.Release|ARM.Build.0 = Release|Any CPU
		{16B9B850-ED3B-4B45-B0F2-3F802D44F382}.Release|x64.ActiveCfg = Release|Any CPU
		{16B9B850-ED3B-4B45-B0F2-3F802D44F382}.Release|x64.Build.0 = Release|Any CPU
		{16B9B850-ED3B-4B45-B0F2-3F802D44F382}.Release|x86.ActiveCfg = Release|Any CPU
		{16B9B850-ED3B-4B45-B0F2-3F802D44F382}.Release|x86.Build.0 = Release|Any CPU
		{3D4690E1-8B66-4123-943D-E43B26E2764B}.Debug|Any CPU.ActiveCfg = Debug|Any CPU
		{3D4690E1-8B66-4123-943D-E43B26E2764B}.Debug|Any CPU.Build.0 = Debug|Any CPU
		{3D4690E1-8B66-4123-943D-E43B26E2764B}.Debug|ARM.ActiveCfg = Debug|Any CPU
		{3D4690E1-8B66-4123-943D-E43B26E2764B}.Debug|ARM.Build.0 = Debug|Any CPU
		{3D4690E1-8B66-4123-943D-E43B26E2764B}.Debug|x64.ActiveCfg = Debug|Any CPU
		{3D4690E1-8B66-4123-943D-E43B26E2764B}.Debug|x64.Build.0 = Debug|Any CPU
		{3D4690E1-8B66-4123-943D-E43B26E2764B}.Debug|x86.ActiveCfg = Debug|Any CPU
		{3D4690E1-8B66-4123-943D-E43B26E2764B}.Debug|x86.Build.0 = Debug|Any CPU
		{3D4690E1-8B66-4123-943D-E43B26E2764B}.Release|Any CPU.ActiveCfg = Release|Any CPU
		{3D4690E1-8B66-4123-943D-E43B26E2764B}.Release|Any CPU.Build.0 = Release|Any CPU
		{3D4690E1-8B66-4123-943D-E43B26E2764B}.Release|ARM.ActiveCfg = Release|Any CPU
		{3D4690E1-8B66-4123-943D-E43B26E2764B}.Release|ARM.Build.0 = Release|Any CPU
		{3D4690E1-8B66-4123-943D-E43B26E2764B}.Release|x64.ActiveCfg = Release|Any CPU
		{3D4690E1-8B66-4123-943D-E43B26E2764B}.Release|x64.Build.0 = Release|Any CPU
		{3D4690E1-8B66-4123-943D-E43B26E2764B}.Release|x86.ActiveCfg = Release|Any CPU
		{3D4690E1-8B66-4123-943D-E43B26E2764B}.Release|x86.Build.0 = Release|Any CPU
		{5BF79424-C1FB-4583-8295-5F86C3150431}.Debug|Any CPU.ActiveCfg = Debug|Any CPU
		{5BF79424-C1FB-4583-8295-5F86C3150431}.Debug|Any CPU.Build.0 = Debug|Any CPU
		{5BF79424-C1FB-4583-8295-5F86C3150431}.Debug|ARM.ActiveCfg = Debug|Any CPU
		{5BF79424-C1FB-4583-8295-5F86C3150431}.Debug|ARM.Build.0 = Debug|Any CPU
		{5BF79424-C1FB-4583-8295-5F86C3150431}.Debug|x64.ActiveCfg = Debug|Any CPU
		{5BF79424-C1FB-4583-8295-5F86C3150431}.Debug|x64.Build.0 = Debug|Any CPU
		{5BF79424-C1FB-4583-8295-5F86C3150431}.Debug|x86.ActiveCfg = Debug|Any CPU
		{5BF79424-C1FB-4583-8295-5F86C3150431}.Debug|x86.Build.0 = Debug|Any CPU
		{5BF79424-C1FB-4583-8295-5F86C3150431}.Release|Any CPU.ActiveCfg = Release|Any CPU
		{5BF79424-C1FB-4583-8295-5F86C3150431}.Release|Any CPU.Build.0 = Release|Any CPU
		{5BF79424-C1FB-4583-8295-5F86C3150431}.Release|ARM.ActiveCfg = Release|Any CPU
		{5BF79424-C1FB-4583-8295-5F86C3150431}.Release|ARM.Build.0 = Release|Any CPU
		{5BF79424-C1FB-4583-8295-5F86C3150431}.Release|x64.ActiveCfg = Release|Any CPU
		{5BF79424-C1FB-4583-8295-5F86C3150431}.Release|x64.Build.0 = Release|Any CPU
		{5BF79424-C1FB-4583-8295-5F86C3150431}.Release|x86.ActiveCfg = Release|Any CPU
		{5BF79424-C1FB-4583-8295-5F86C3150431}.Release|x86.Build.0 = Release|Any CPU
		{F24358D6-7DAB-4DEB-A05E-0C4359C5F7CF}.Debug|Any CPU.ActiveCfg = Debug|Any CPU
		{F24358D6-7DAB-4DEB-A05E-0C4359C5F7CF}.Debug|Any CPU.Build.0 = Debug|Any CPU
		{F24358D6-7DAB-4DEB-A05E-0C4359C5F7CF}.Debug|ARM.ActiveCfg = Debug|Any CPU
		{F24358D6-7DAB-4DEB-A05E-0C4359C5F7CF}.Debug|ARM.Build.0 = Debug|Any CPU
		{F24358D6-7DAB-4DEB-A05E-0C4359C5F7CF}.Debug|x64.ActiveCfg = Debug|Any CPU
		{F24358D6-7DAB-4DEB-A05E-0C4359C5F7CF}.Debug|x64.Build.0 = Debug|Any CPU
		{F24358D6-7DAB-4DEB-A05E-0C4359C5F7CF}.Debug|x86.ActiveCfg = Debug|Any CPU
		{F24358D6-7DAB-4DEB-A05E-0C4359C5F7CF}.Debug|x86.Build.0 = Debug|Any CPU
		{F24358D6-7DAB-4DEB-A05E-0C4359C5F7CF}.Release|Any CPU.ActiveCfg = Release|Any CPU
		{F24358D6-7DAB-4DEB-A05E-0C4359C5F7CF}.Release|Any CPU.Build.0 = Release|Any CPU
		{F24358D6-7DAB-4DEB-A05E-0C4359C5F7CF}.Release|ARM.ActiveCfg = Release|Any CPU
		{F24358D6-7DAB-4DEB-A05E-0C4359C5F7CF}.Release|ARM.Build.0 = Release|Any CPU
		{F24358D6-7DAB-4DEB-A05E-0C4359C5F7CF}.Release|x64.ActiveCfg = Release|Any CPU
		{F24358D6-7DAB-4DEB-A05E-0C4359C5F7CF}.Release|x64.Build.0 = Release|Any CPU
		{F24358D6-7DAB-4DEB-A05E-0C4359C5F7CF}.Release|x86.ActiveCfg = Release|Any CPU
		{F24358D6-7DAB-4DEB-A05E-0C4359C5F7CF}.Release|x86.Build.0 = Release|Any CPU
		{65D8F6B3-DEE2-412B-95F2-77274461D58C}.Debug|Any CPU.ActiveCfg = Debug|Any CPU
		{65D8F6B3-DEE2-412B-95F2-77274461D58C}.Debug|Any CPU.Build.0 = Debug|Any CPU
		{65D8F6B3-DEE2-412B-95F2-77274461D58C}.Debug|ARM.ActiveCfg = Debug|Any CPU
		{65D8F6B3-DEE2-412B-95F2-77274461D58C}.Debug|ARM.Build.0 = Debug|Any CPU
		{65D8F6B3-DEE2-412B-95F2-77274461D58C}.Debug|x64.ActiveCfg = Debug|Any CPU
		{65D8F6B3-DEE2-412B-95F2-77274461D58C}.Debug|x64.Build.0 = Debug|Any CPU
		{65D8F6B3-DEE2-412B-95F2-77274461D58C}.Debug|x86.ActiveCfg = Debug|Any CPU
		{65D8F6B3-DEE2-412B-95F2-77274461D58C}.Debug|x86.Build.0 = Debug|Any CPU
		{65D8F6B3-DEE2-412B-95F2-77274461D58C}.Release|Any CPU.ActiveCfg = Release|Any CPU
		{65D8F6B3-DEE2-412B-95F2-77274461D58C}.Release|Any CPU.Build.0 = Release|Any CPU
		{65D8F6B3-DEE2-412B-95F2-77274461D58C}.Release|ARM.ActiveCfg = Release|Any CPU
		{65D8F6B3-DEE2-412B-95F2-77274461D58C}.Release|ARM.Build.0 = Release|Any CPU
		{65D8F6B3-DEE2-412B-95F2-77274461D58C}.Release|x64.ActiveCfg = Release|Any CPU
		{65D8F6B3-DEE2-412B-95F2-77274461D58C}.Release|x64.Build.0 = Release|Any CPU
		{65D8F6B3-DEE2-412B-95F2-77274461D58C}.Release|x86.ActiveCfg = Release|Any CPU
		{65D8F6B3-DEE2-412B-95F2-77274461D58C}.Release|x86.Build.0 = Release|Any CPU
		{2D1FDB2E-9E12-4453-BFF7-7F726D754791}.Debug|Any CPU.ActiveCfg = Debug|Any CPU
		{2D1FDB2E-9E12-4453-BFF7-7F726D754791}.Debug|Any CPU.Build.0 = Debug|Any CPU
		{2D1FDB2E-9E12-4453-BFF7-7F726D754791}.Debug|ARM.ActiveCfg = Debug|Any CPU
		{2D1FDB2E-9E12-4453-BFF7-7F726D754791}.Debug|ARM.Build.0 = Debug|Any CPU
		{2D1FDB2E-9E12-4453-BFF7-7F726D754791}.Debug|x64.ActiveCfg = Debug|Any CPU
		{2D1FDB2E-9E12-4453-BFF7-7F726D754791}.Debug|x64.Build.0 = Debug|Any CPU
		{2D1FDB2E-9E12-4453-BFF7-7F726D754791}.Debug|x86.ActiveCfg = Debug|Any CPU
		{2D1FDB2E-9E12-4453-BFF7-7F726D754791}.Debug|x86.Build.0 = Debug|Any CPU
		{2D1FDB2E-9E12-4453-BFF7-7F726D754791}.Release|Any CPU.ActiveCfg = Release|Any CPU
		{2D1FDB2E-9E12-4453-BFF7-7F726D754791}.Release|Any CPU.Build.0 = Release|Any CPU
		{2D1FDB2E-9E12-4453-BFF7-7F726D754791}.Release|ARM.ActiveCfg = Release|Any CPU
		{2D1FDB2E-9E12-4453-BFF7-7F726D754791}.Release|ARM.Build.0 = Release|Any CPU
		{2D1FDB2E-9E12-4453-BFF7-7F726D754791}.Release|x64.ActiveCfg = Release|Any CPU
		{2D1FDB2E-9E12-4453-BFF7-7F726D754791}.Release|x64.Build.0 = Release|Any CPU
		{2D1FDB2E-9E12-4453-BFF7-7F726D754791}.Release|x86.ActiveCfg = Release|Any CPU
		{2D1FDB2E-9E12-4453-BFF7-7F726D754791}.Release|x86.Build.0 = Release|Any CPU
		{0ECCC344-21E8-4AD7-9CB9-933054200000}.Debug|Any CPU.ActiveCfg = Debug|Any CPU
		{0ECCC344-21E8-4AD7-9CB9-933054200000}.Debug|Any CPU.Build.0 = Debug|Any CPU
		{0ECCC344-21E8-4AD7-9CB9-933054200000}.Debug|ARM.ActiveCfg = Debug|Any CPU
		{0ECCC344-21E8-4AD7-9CB9-933054200000}.Debug|ARM.Build.0 = Debug|Any CPU
		{0ECCC344-21E8-4AD7-9CB9-933054200000}.Debug|x64.ActiveCfg = Debug|Any CPU
		{0ECCC344-21E8-4AD7-9CB9-933054200000}.Debug|x64.Build.0 = Debug|Any CPU
		{0ECCC344-21E8-4AD7-9CB9-933054200000}.Debug|x86.ActiveCfg = Debug|Any CPU
		{0ECCC344-21E8-4AD7-9CB9-933054200000}.Debug|x86.Build.0 = Debug|Any CPU
		{0ECCC344-21E8-4AD7-9CB9-933054200000}.Release|Any CPU.ActiveCfg = Release|Any CPU
		{0ECCC344-21E8-4AD7-9CB9-933054200000}.Release|Any CPU.Build.0 = Release|Any CPU
		{0ECCC344-21E8-4AD7-9CB9-933054200000}.Release|ARM.ActiveCfg = Release|Any CPU
		{0ECCC344-21E8-4AD7-9CB9-933054200000}.Release|ARM.Build.0 = Release|Any CPU
		{0ECCC344-21E8-4AD7-9CB9-933054200000}.Release|x64.ActiveCfg = Release|Any CPU
		{0ECCC344-21E8-4AD7-9CB9-933054200000}.Release|x64.Build.0 = Release|Any CPU
		{0ECCC344-21E8-4AD7-9CB9-933054200000}.Release|x86.ActiveCfg = Release|Any CPU
		{0ECCC344-21E8-4AD7-9CB9-933054200000}.Release|x86.Build.0 = Release|Any CPU
		{CC76035A-056B-43F3-8FFB-92DE66A19305}.Debug|Any CPU.ActiveCfg = Debug|Any CPU
		{CC76035A-056B-43F3-8FFB-92DE66A19305}.Debug|Any CPU.Build.0 = Debug|Any CPU
		{CC76035A-056B-43F3-8FFB-92DE66A19305}.Debug|ARM.ActiveCfg = Debug|Any CPU
		{CC76035A-056B-43F3-8FFB-92DE66A19305}.Debug|ARM.Build.0 = Debug|Any CPU
		{CC76035A-056B-43F3-8FFB-92DE66A19305}.Debug|x64.ActiveCfg = Debug|Any CPU
		{CC76035A-056B-43F3-8FFB-92DE66A19305}.Debug|x64.Build.0 = Debug|Any CPU
		{CC76035A-056B-43F3-8FFB-92DE66A19305}.Debug|x86.ActiveCfg = Debug|Any CPU
		{CC76035A-056B-43F3-8FFB-92DE66A19305}.Debug|x86.Build.0 = Debug|Any CPU
		{CC76035A-056B-43F3-8FFB-92DE66A19305}.Release|Any CPU.ActiveCfg = Release|Any CPU
		{CC76035A-056B-43F3-8FFB-92DE66A19305}.Release|Any CPU.Build.0 = Release|Any CPU
		{CC76035A-056B-43F3-8FFB-92DE66A19305}.Release|ARM.ActiveCfg = Release|Any CPU
		{CC76035A-056B-43F3-8FFB-92DE66A19305}.Release|ARM.Build.0 = Release|Any CPU
		{CC76035A-056B-43F3-8FFB-92DE66A19305}.Release|x64.ActiveCfg = Release|Any CPU
		{CC76035A-056B-43F3-8FFB-92DE66A19305}.Release|x64.Build.0 = Release|Any CPU
		{CC76035A-056B-43F3-8FFB-92DE66A19305}.Release|x86.ActiveCfg = Release|Any CPU
		{CC76035A-056B-43F3-8FFB-92DE66A19305}.Release|x86.Build.0 = Release|Any CPU
		{8A652779-85EF-48E2-A639-1EED3CE2C39C}.Debug|Any CPU.ActiveCfg = Debug|Any CPU
		{8A652779-85EF-48E2-A639-1EED3CE2C39C}.Debug|Any CPU.Build.0 = Debug|Any CPU
		{8A652779-85EF-48E2-A639-1EED3CE2C39C}.Debug|ARM.ActiveCfg = Debug|Any CPU
		{8A652779-85EF-48E2-A639-1EED3CE2C39C}.Debug|ARM.Build.0 = Debug|Any CPU
		{8A652779-85EF-48E2-A639-1EED3CE2C39C}.Debug|x64.ActiveCfg = Debug|Any CPU
		{8A652779-85EF-48E2-A639-1EED3CE2C39C}.Debug|x64.Build.0 = Debug|Any CPU
		{8A652779-85EF-48E2-A639-1EED3CE2C39C}.Debug|x86.ActiveCfg = Debug|Any CPU
		{8A652779-85EF-48E2-A639-1EED3CE2C39C}.Debug|x86.Build.0 = Debug|Any CPU
		{8A652779-85EF-48E2-A639-1EED3CE2C39C}.Release|Any CPU.ActiveCfg = Release|Any CPU
		{8A652779-85EF-48E2-A639-1EED3CE2C39C}.Release|Any CPU.Build.0 = Release|Any CPU
		{8A652779-85EF-48E2-A639-1EED3CE2C39C}.Release|ARM.ActiveCfg = Release|Any CPU
		{8A652779-85EF-48E2-A639-1EED3CE2C39C}.Release|ARM.Build.0 = Release|Any CPU
		{8A652779-85EF-48E2-A639-1EED3CE2C39C}.Release|x64.ActiveCfg = Release|Any CPU
		{8A652779-85EF-48E2-A639-1EED3CE2C39C}.Release|x64.Build.0 = Release|Any CPU
		{8A652779-85EF-48E2-A639-1EED3CE2C39C}.Release|x86.ActiveCfg = Release|Any CPU
		{8A652779-85EF-48E2-A639-1EED3CE2C39C}.Release|x86.Build.0 = Release|Any CPU
		{7735FCC6-4D1F-4FCA-8D8F-44515EF558C0}.Debug|Any CPU.ActiveCfg = Debug|Any CPU
		{7735FCC6-4D1F-4FCA-8D8F-44515EF558C0}.Debug|Any CPU.Build.0 = Debug|Any CPU
		{7735FCC6-4D1F-4FCA-8D8F-44515EF558C0}.Debug|ARM.ActiveCfg = Debug|Any CPU
		{7735FCC6-4D1F-4FCA-8D8F-44515EF558C0}.Debug|ARM.Build.0 = Debug|Any CPU
		{7735FCC6-4D1F-4FCA-8D8F-44515EF558C0}.Debug|x64.ActiveCfg = Debug|Any CPU
		{7735FCC6-4D1F-4FCA-8D8F-44515EF558C0}.Debug|x64.Build.0 = Debug|Any CPU
		{7735FCC6-4D1F-4FCA-8D8F-44515EF558C0}.Debug|x86.ActiveCfg = Debug|Any CPU
		{7735FCC6-4D1F-4FCA-8D8F-44515EF558C0}.Debug|x86.Build.0 = Debug|Any CPU
		{7735FCC6-4D1F-4FCA-8D8F-44515EF558C0}.Release|Any CPU.ActiveCfg = Release|Any CPU
		{7735FCC6-4D1F-4FCA-8D8F-44515EF558C0}.Release|Any CPU.Build.0 = Release|Any CPU
		{7735FCC6-4D1F-4FCA-8D8F-44515EF558C0}.Release|ARM.ActiveCfg = Release|Any CPU
		{7735FCC6-4D1F-4FCA-8D8F-44515EF558C0}.Release|ARM.Build.0 = Release|Any CPU
		{7735FCC6-4D1F-4FCA-8D8F-44515EF558C0}.Release|x64.ActiveCfg = Release|Any CPU
		{7735FCC6-4D1F-4FCA-8D8F-44515EF558C0}.Release|x64.Build.0 = Release|Any CPU
		{7735FCC6-4D1F-4FCA-8D8F-44515EF558C0}.Release|x86.ActiveCfg = Release|Any CPU
		{7735FCC6-4D1F-4FCA-8D8F-44515EF558C0}.Release|x86.Build.0 = Release|Any CPU
		{A145AFFC-E0CF-4861-AB0C-427C7670FF37}.Debug|Any CPU.ActiveCfg = Debug|Any CPU
		{A145AFFC-E0CF-4861-AB0C-427C7670FF37}.Debug|Any CPU.Build.0 = Debug|Any CPU
		{A145AFFC-E0CF-4861-AB0C-427C7670FF37}.Debug|ARM.ActiveCfg = Debug|Any CPU
		{A145AFFC-E0CF-4861-AB0C-427C7670FF37}.Debug|ARM.Build.0 = Debug|Any CPU
		{A145AFFC-E0CF-4861-AB0C-427C7670FF37}.Debug|x64.ActiveCfg = Debug|Any CPU
		{A145AFFC-E0CF-4861-AB0C-427C7670FF37}.Debug|x64.Build.0 = Debug|Any CPU
		{A145AFFC-E0CF-4861-AB0C-427C7670FF37}.Debug|x86.ActiveCfg = Debug|Any CPU
		{A145AFFC-E0CF-4861-AB0C-427C7670FF37}.Debug|x86.Build.0 = Debug|Any CPU
		{A145AFFC-E0CF-4861-AB0C-427C7670FF37}.Release|Any CPU.ActiveCfg = Release|Any CPU
		{A145AFFC-E0CF-4861-AB0C-427C7670FF37}.Release|Any CPU.Build.0 = Release|Any CPU
		{A145AFFC-E0CF-4861-AB0C-427C7670FF37}.Release|ARM.ActiveCfg = Release|Any CPU
		{A145AFFC-E0CF-4861-AB0C-427C7670FF37}.Release|ARM.Build.0 = Release|Any CPU
		{A145AFFC-E0CF-4861-AB0C-427C7670FF37}.Release|x64.ActiveCfg = Release|Any CPU
		{A145AFFC-E0CF-4861-AB0C-427C7670FF37}.Release|x64.Build.0 = Release|Any CPU
		{A145AFFC-E0CF-4861-AB0C-427C7670FF37}.Release|x86.ActiveCfg = Release|Any CPU
		{A145AFFC-E0CF-4861-AB0C-427C7670FF37}.Release|x86.Build.0 = Release|Any CPU
		{A4F61392-36A3-457C-80D0-9CDC48F5922F}.Debug|Any CPU.ActiveCfg = Debug|Any CPU
		{A4F61392-36A3-457C-80D0-9CDC48F5922F}.Debug|Any CPU.Build.0 = Debug|Any CPU
		{A4F61392-36A3-457C-80D0-9CDC48F5922F}.Debug|ARM.ActiveCfg = Debug|Any CPU
		{A4F61392-36A3-457C-80D0-9CDC48F5922F}.Debug|ARM.Build.0 = Debug|Any CPU
		{A4F61392-36A3-457C-80D0-9CDC48F5922F}.Debug|x64.ActiveCfg = Debug|Any CPU
		{A4F61392-36A3-457C-80D0-9CDC48F5922F}.Debug|x64.Build.0 = Debug|Any CPU
		{A4F61392-36A3-457C-80D0-9CDC48F5922F}.Debug|x86.ActiveCfg = Debug|Any CPU
		{A4F61392-36A3-457C-80D0-9CDC48F5922F}.Debug|x86.Build.0 = Debug|Any CPU
		{A4F61392-36A3-457C-80D0-9CDC48F5922F}.Release|Any CPU.ActiveCfg = Release|Any CPU
		{A4F61392-36A3-457C-80D0-9CDC48F5922F}.Release|Any CPU.Build.0 = Release|Any CPU
		{A4F61392-36A3-457C-80D0-9CDC48F5922F}.Release|ARM.ActiveCfg = Release|Any CPU
		{A4F61392-36A3-457C-80D0-9CDC48F5922F}.Release|ARM.Build.0 = Release|Any CPU
		{A4F61392-36A3-457C-80D0-9CDC48F5922F}.Release|x64.ActiveCfg = Release|Any CPU
		{A4F61392-36A3-457C-80D0-9CDC48F5922F}.Release|x64.Build.0 = Release|Any CPU
		{A4F61392-36A3-457C-80D0-9CDC48F5922F}.Release|x86.ActiveCfg = Release|Any CPU
		{A4F61392-36A3-457C-80D0-9CDC48F5922F}.Release|x86.Build.0 = Release|Any CPU
		{43BD15AA-E53D-4FB5-8E04-765EC86797F5}.Debug|Any CPU.ActiveCfg = Debug|Any CPU
		{43BD15AA-E53D-4FB5-8E04-765EC86797F5}.Debug|Any CPU.Build.0 = Debug|Any CPU
		{43BD15AA-E53D-4FB5-8E04-765EC86797F5}.Debug|ARM.ActiveCfg = Debug|Any CPU
		{43BD15AA-E53D-4FB5-8E04-765EC86797F5}.Debug|ARM.Build.0 = Debug|Any CPU
		{43BD15AA-E53D-4FB5-8E04-765EC86797F5}.Debug|x64.ActiveCfg = Debug|Any CPU
		{43BD15AA-E53D-4FB5-8E04-765EC86797F5}.Debug|x64.Build.0 = Debug|Any CPU
		{43BD15AA-E53D-4FB5-8E04-765EC86797F5}.Debug|x86.ActiveCfg = Debug|Any CPU
		{43BD15AA-E53D-4FB5-8E04-765EC86797F5}.Debug|x86.Build.0 = Debug|Any CPU
		{43BD15AA-E53D-4FB5-8E04-765EC86797F5}.Release|Any CPU.ActiveCfg = Release|Any CPU
		{43BD15AA-E53D-4FB5-8E04-765EC86797F5}.Release|Any CPU.Build.0 = Release|Any CPU
		{43BD15AA-E53D-4FB5-8E04-765EC86797F5}.Release|ARM.ActiveCfg = Release|Any CPU
		{43BD15AA-E53D-4FB5-8E04-765EC86797F5}.Release|ARM.Build.0 = Release|Any CPU
		{43BD15AA-E53D-4FB5-8E04-765EC86797F5}.Release|x64.ActiveCfg = Release|Any CPU
		{43BD15AA-E53D-4FB5-8E04-765EC86797F5}.Release|x64.Build.0 = Release|Any CPU
		{43BD15AA-E53D-4FB5-8E04-765EC86797F5}.Release|x86.ActiveCfg = Release|Any CPU
		{43BD15AA-E53D-4FB5-8E04-765EC86797F5}.Release|x86.Build.0 = Release|Any CPU
		{9BCF7A12-6A5B-43FF-828A-A804F9B9DBB4}.Debug|Any CPU.ActiveCfg = Debug|Any CPU
		{9BCF7A12-6A5B-43FF-828A-A804F9B9DBB4}.Debug|Any CPU.Build.0 = Debug|Any CPU
		{9BCF7A12-6A5B-43FF-828A-A804F9B9DBB4}.Debug|ARM.ActiveCfg = Debug|Any CPU
		{9BCF7A12-6A5B-43FF-828A-A804F9B9DBB4}.Debug|ARM.Build.0 = Debug|Any CPU
		{9BCF7A12-6A5B-43FF-828A-A804F9B9DBB4}.Debug|x64.ActiveCfg = Debug|Any CPU
		{9BCF7A12-6A5B-43FF-828A-A804F9B9DBB4}.Debug|x64.Build.0 = Debug|Any CPU
		{9BCF7A12-6A5B-43FF-828A-A804F9B9DBB4}.Debug|x86.ActiveCfg = Debug|Any CPU
		{9BCF7A12-6A5B-43FF-828A-A804F9B9DBB4}.Debug|x86.Build.0 = Debug|Any CPU
		{9BCF7A12-6A5B-43FF-828A-A804F9B9DBB4}.Release|Any CPU.ActiveCfg = Release|Any CPU
		{9BCF7A12-6A5B-43FF-828A-A804F9B9DBB4}.Release|Any CPU.Build.0 = Release|Any CPU
		{9BCF7A12-6A5B-43FF-828A-A804F9B9DBB4}.Release|ARM.ActiveCfg = Release|Any CPU
		{9BCF7A12-6A5B-43FF-828A-A804F9B9DBB4}.Release|ARM.Build.0 = Release|Any CPU
		{9BCF7A12-6A5B-43FF-828A-A804F9B9DBB4}.Release|x64.ActiveCfg = Release|Any CPU
		{9BCF7A12-6A5B-43FF-828A-A804F9B9DBB4}.Release|x64.Build.0 = Release|Any CPU
		{9BCF7A12-6A5B-43FF-828A-A804F9B9DBB4}.Release|x86.ActiveCfg = Release|Any CPU
		{9BCF7A12-6A5B-43FF-828A-A804F9B9DBB4}.Release|x86.Build.0 = Release|Any CPU
		{BA9ED8EC-C8CB-490B-BE88-2173DEF64B27}.Debug|Any CPU.ActiveCfg = Debug|Any CPU
		{BA9ED8EC-C8CB-490B-BE88-2173DEF64B27}.Debug|Any CPU.Build.0 = Debug|Any CPU
		{BA9ED8EC-C8CB-490B-BE88-2173DEF64B27}.Debug|ARM.ActiveCfg = Debug|Any CPU
		{BA9ED8EC-C8CB-490B-BE88-2173DEF64B27}.Debug|ARM.Build.0 = Debug|Any CPU
		{BA9ED8EC-C8CB-490B-BE88-2173DEF64B27}.Debug|x64.ActiveCfg = Debug|Any CPU
		{BA9ED8EC-C8CB-490B-BE88-2173DEF64B27}.Debug|x64.Build.0 = Debug|Any CPU
		{BA9ED8EC-C8CB-490B-BE88-2173DEF64B27}.Debug|x86.ActiveCfg = Debug|Any CPU
		{BA9ED8EC-C8CB-490B-BE88-2173DEF64B27}.Debug|x86.Build.0 = Debug|Any CPU
		{BA9ED8EC-C8CB-490B-BE88-2173DEF64B27}.Release|Any CPU.ActiveCfg = Release|Any CPU
		{BA9ED8EC-C8CB-490B-BE88-2173DEF64B27}.Release|Any CPU.Build.0 = Release|Any CPU
		{BA9ED8EC-C8CB-490B-BE88-2173DEF64B27}.Release|ARM.ActiveCfg = Release|Any CPU
		{BA9ED8EC-C8CB-490B-BE88-2173DEF64B27}.Release|ARM.Build.0 = Release|Any CPU
		{BA9ED8EC-C8CB-490B-BE88-2173DEF64B27}.Release|x64.ActiveCfg = Release|Any CPU
		{BA9ED8EC-C8CB-490B-BE88-2173DEF64B27}.Release|x64.Build.0 = Release|Any CPU
		{BA9ED8EC-C8CB-490B-BE88-2173DEF64B27}.Release|x86.ActiveCfg = Release|Any CPU
		{BA9ED8EC-C8CB-490B-BE88-2173DEF64B27}.Release|x86.Build.0 = Release|Any CPU
		{B84A0977-EF3A-44B0-B4EF-CE68B387AE63}.Debug|Any CPU.ActiveCfg = Debug|Any CPU
		{B84A0977-EF3A-44B0-B4EF-CE68B387AE63}.Debug|Any CPU.Build.0 = Debug|Any CPU
		{B84A0977-EF3A-44B0-B4EF-CE68B387AE63}.Debug|ARM.ActiveCfg = Debug|Any CPU
		{B84A0977-EF3A-44B0-B4EF-CE68B387AE63}.Debug|ARM.Build.0 = Debug|Any CPU
		{B84A0977-EF3A-44B0-B4EF-CE68B387AE63}.Debug|x64.ActiveCfg = Debug|Any CPU
		{B84A0977-EF3A-44B0-B4EF-CE68B387AE63}.Debug|x64.Build.0 = Debug|Any CPU
		{B84A0977-EF3A-44B0-B4EF-CE68B387AE63}.Debug|x86.ActiveCfg = Debug|Any CPU
		{B84A0977-EF3A-44B0-B4EF-CE68B387AE63}.Debug|x86.Build.0 = Debug|Any CPU
		{B84A0977-EF3A-44B0-B4EF-CE68B387AE63}.Release|Any CPU.ActiveCfg = Release|Any CPU
		{B84A0977-EF3A-44B0-B4EF-CE68B387AE63}.Release|Any CPU.Build.0 = Release|Any CPU
		{B84A0977-EF3A-44B0-B4EF-CE68B387AE63}.Release|ARM.ActiveCfg = Release|Any CPU
		{B84A0977-EF3A-44B0-B4EF-CE68B387AE63}.Release|ARM.Build.0 = Release|Any CPU
		{B84A0977-EF3A-44B0-B4EF-CE68B387AE63}.Release|x64.ActiveCfg = Release|Any CPU
		{B84A0977-EF3A-44B0-B4EF-CE68B387AE63}.Release|x64.Build.0 = Release|Any CPU
		{B84A0977-EF3A-44B0-B4EF-CE68B387AE63}.Release|x86.ActiveCfg = Release|Any CPU
		{B84A0977-EF3A-44B0-B4EF-CE68B387AE63}.Release|x86.Build.0 = Release|Any CPU
		{EBD697E3-91BE-4844-B3F0-6997300A8C12}.Debug|Any CPU.ActiveCfg = Debug|Any CPU
		{EBD697E3-91BE-4844-B3F0-6997300A8C12}.Debug|Any CPU.Build.0 = Debug|Any CPU
		{EBD697E3-91BE-4844-B3F0-6997300A8C12}.Debug|ARM.ActiveCfg = Debug|Any CPU
		{EBD697E3-91BE-4844-B3F0-6997300A8C12}.Debug|ARM.Build.0 = Debug|Any CPU
		{EBD697E3-91BE-4844-B3F0-6997300A8C12}.Debug|x64.ActiveCfg = Debug|Any CPU
		{EBD697E3-91BE-4844-B3F0-6997300A8C12}.Debug|x64.Build.0 = Debug|Any CPU
		{EBD697E3-91BE-4844-B3F0-6997300A8C12}.Debug|x86.ActiveCfg = Debug|Any CPU
		{EBD697E3-91BE-4844-B3F0-6997300A8C12}.Debug|x86.Build.0 = Debug|Any CPU
		{EBD697E3-91BE-4844-B3F0-6997300A8C12}.Release|Any CPU.ActiveCfg = Release|Any CPU
		{EBD697E3-91BE-4844-B3F0-6997300A8C12}.Release|Any CPU.Build.0 = Release|Any CPU
		{EBD697E3-91BE-4844-B3F0-6997300A8C12}.Release|ARM.ActiveCfg = Release|Any CPU
		{EBD697E3-91BE-4844-B3F0-6997300A8C12}.Release|ARM.Build.0 = Release|Any CPU
		{EBD697E3-91BE-4844-B3F0-6997300A8C12}.Release|x64.ActiveCfg = Release|Any CPU
		{EBD697E3-91BE-4844-B3F0-6997300A8C12}.Release|x64.Build.0 = Release|Any CPU
		{EBD697E3-91BE-4844-B3F0-6997300A8C12}.Release|x86.ActiveCfg = Release|Any CPU
		{EBD697E3-91BE-4844-B3F0-6997300A8C12}.Release|x86.Build.0 = Release|Any CPU
		{A1DD513F-2873-4AC4-8CA6-B8474C391A86}.Debug|Any CPU.ActiveCfg = Debug|Any CPU
		{A1DD513F-2873-4AC4-8CA6-B8474C391A86}.Debug|Any CPU.Build.0 = Debug|Any CPU
		{A1DD513F-2873-4AC4-8CA6-B8474C391A86}.Debug|ARM.ActiveCfg = Debug|Any CPU
		{A1DD513F-2873-4AC4-8CA6-B8474C391A86}.Debug|ARM.Build.0 = Debug|Any CPU
		{A1DD513F-2873-4AC4-8CA6-B8474C391A86}.Debug|x64.ActiveCfg = Debug|Any CPU
		{A1DD513F-2873-4AC4-8CA6-B8474C391A86}.Debug|x64.Build.0 = Debug|Any CPU
		{A1DD513F-2873-4AC4-8CA6-B8474C391A86}.Debug|x86.ActiveCfg = Debug|Any CPU
		{A1DD513F-2873-4AC4-8CA6-B8474C391A86}.Debug|x86.Build.0 = Debug|Any CPU
		{A1DD513F-2873-4AC4-8CA6-B8474C391A86}.Release|Any CPU.ActiveCfg = Release|Any CPU
		{A1DD513F-2873-4AC4-8CA6-B8474C391A86}.Release|Any CPU.Build.0 = Release|Any CPU
		{A1DD513F-2873-4AC4-8CA6-B8474C391A86}.Release|ARM.ActiveCfg = Release|Any CPU
		{A1DD513F-2873-4AC4-8CA6-B8474C391A86}.Release|ARM.Build.0 = Release|Any CPU
		{A1DD513F-2873-4AC4-8CA6-B8474C391A86}.Release|x64.ActiveCfg = Release|Any CPU
		{A1DD513F-2873-4AC4-8CA6-B8474C391A86}.Release|x64.Build.0 = Release|Any CPU
		{A1DD513F-2873-4AC4-8CA6-B8474C391A86}.Release|x86.ActiveCfg = Release|Any CPU
		{A1DD513F-2873-4AC4-8CA6-B8474C391A86}.Release|x86.Build.0 = Release|Any CPU
		{DDE5FD37-930E-4150-973B-FF8FE12E4CFF}.Debug|Any CPU.ActiveCfg = Debug|Any CPU
		{DDE5FD37-930E-4150-973B-FF8FE12E4CFF}.Debug|Any CPU.Build.0 = Debug|Any CPU
		{DDE5FD37-930E-4150-973B-FF8FE12E4CFF}.Debug|ARM.ActiveCfg = Debug|Any CPU
		{DDE5FD37-930E-4150-973B-FF8FE12E4CFF}.Debug|ARM.Build.0 = Debug|Any CPU
		{DDE5FD37-930E-4150-973B-FF8FE12E4CFF}.Debug|x64.ActiveCfg = Debug|Any CPU
		{DDE5FD37-930E-4150-973B-FF8FE12E4CFF}.Debug|x64.Build.0 = Debug|Any CPU
		{DDE5FD37-930E-4150-973B-FF8FE12E4CFF}.Debug|x86.ActiveCfg = Debug|Any CPU
		{DDE5FD37-930E-4150-973B-FF8FE12E4CFF}.Debug|x86.Build.0 = Debug|Any CPU
		{DDE5FD37-930E-4150-973B-FF8FE12E4CFF}.Release|Any CPU.ActiveCfg = Release|Any CPU
		{DDE5FD37-930E-4150-973B-FF8FE12E4CFF}.Release|Any CPU.Build.0 = Release|Any CPU
		{DDE5FD37-930E-4150-973B-FF8FE12E4CFF}.Release|ARM.ActiveCfg = Release|Any CPU
		{DDE5FD37-930E-4150-973B-FF8FE12E4CFF}.Release|ARM.Build.0 = Release|Any CPU
		{DDE5FD37-930E-4150-973B-FF8FE12E4CFF}.Release|x64.ActiveCfg = Release|Any CPU
		{DDE5FD37-930E-4150-973B-FF8FE12E4CFF}.Release|x64.Build.0 = Release|Any CPU
		{DDE5FD37-930E-4150-973B-FF8FE12E4CFF}.Release|x86.ActiveCfg = Release|Any CPU
		{DDE5FD37-930E-4150-973B-FF8FE12E4CFF}.Release|x86.Build.0 = Release|Any CPU
		{A08113E1-DA6E-4861-8F4B-057D09864FA1}.Debug|Any CPU.ActiveCfg = Debug|Any CPU
		{A08113E1-DA6E-4861-8F4B-057D09864FA1}.Debug|Any CPU.Build.0 = Debug|Any CPU
		{A08113E1-DA6E-4861-8F4B-057D09864FA1}.Debug|ARM.ActiveCfg = Debug|Any CPU
		{A08113E1-DA6E-4861-8F4B-057D09864FA1}.Debug|ARM.Build.0 = Debug|Any CPU
		{A08113E1-DA6E-4861-8F4B-057D09864FA1}.Debug|x64.ActiveCfg = Debug|Any CPU
		{A08113E1-DA6E-4861-8F4B-057D09864FA1}.Debug|x64.Build.0 = Debug|Any CPU
		{A08113E1-DA6E-4861-8F4B-057D09864FA1}.Debug|x86.ActiveCfg = Debug|Any CPU
		{A08113E1-DA6E-4861-8F4B-057D09864FA1}.Debug|x86.Build.0 = Debug|Any CPU
		{A08113E1-DA6E-4861-8F4B-057D09864FA1}.Release|Any CPU.ActiveCfg = Release|Any CPU
		{A08113E1-DA6E-4861-8F4B-057D09864FA1}.Release|Any CPU.Build.0 = Release|Any CPU
		{A08113E1-DA6E-4861-8F4B-057D09864FA1}.Release|ARM.ActiveCfg = Release|Any CPU
		{A08113E1-DA6E-4861-8F4B-057D09864FA1}.Release|ARM.Build.0 = Release|Any CPU
		{A08113E1-DA6E-4861-8F4B-057D09864FA1}.Release|x64.ActiveCfg = Release|Any CPU
		{A08113E1-DA6E-4861-8F4B-057D09864FA1}.Release|x64.Build.0 = Release|Any CPU
		{A08113E1-DA6E-4861-8F4B-057D09864FA1}.Release|x86.ActiveCfg = Release|Any CPU
		{A08113E1-DA6E-4861-8F4B-057D09864FA1}.Release|x86.Build.0 = Release|Any CPU
		{7A4D8643-F6B4-4D65-9688-D81421A7E3EF}.Debug|Any CPU.ActiveCfg = Debug|Any CPU
		{7A4D8643-F6B4-4D65-9688-D81421A7E3EF}.Debug|Any CPU.Build.0 = Debug|Any CPU
		{7A4D8643-F6B4-4D65-9688-D81421A7E3EF}.Debug|ARM.ActiveCfg = Debug|Any CPU
		{7A4D8643-F6B4-4D65-9688-D81421A7E3EF}.Debug|ARM.Build.0 = Debug|Any CPU
		{7A4D8643-F6B4-4D65-9688-D81421A7E3EF}.Debug|x64.ActiveCfg = Debug|Any CPU
		{7A4D8643-F6B4-4D65-9688-D81421A7E3EF}.Debug|x64.Build.0 = Debug|Any CPU
		{7A4D8643-F6B4-4D65-9688-D81421A7E3EF}.Debug|x86.ActiveCfg = Debug|Any CPU
		{7A4D8643-F6B4-4D65-9688-D81421A7E3EF}.Debug|x86.Build.0 = Debug|Any CPU
		{7A4D8643-F6B4-4D65-9688-D81421A7E3EF}.Release|Any CPU.ActiveCfg = Release|Any CPU
		{7A4D8643-F6B4-4D65-9688-D81421A7E3EF}.Release|Any CPU.Build.0 = Release|Any CPU
		{7A4D8643-F6B4-4D65-9688-D81421A7E3EF}.Release|ARM.ActiveCfg = Release|Any CPU
		{7A4D8643-F6B4-4D65-9688-D81421A7E3EF}.Release|ARM.Build.0 = Release|Any CPU
		{7A4D8643-F6B4-4D65-9688-D81421A7E3EF}.Release|x64.ActiveCfg = Release|Any CPU
		{7A4D8643-F6B4-4D65-9688-D81421A7E3EF}.Release|x64.Build.0 = Release|Any CPU
		{7A4D8643-F6B4-4D65-9688-D81421A7E3EF}.Release|x86.ActiveCfg = Release|Any CPU
		{7A4D8643-F6B4-4D65-9688-D81421A7E3EF}.Release|x86.Build.0 = Release|Any CPU
	EndGlobalSection
	GlobalSection(SolutionProperties) = preSolution
		HideSolutionNode = FALSE
	EndGlobalSection
	GlobalSection(NestedProjects) = preSolution
		{4B8A18F9-E41A-426A-9268-AAC92A6C8DEB} = {7A336DC5-203A-4E16-B3A4-C6E2B79DDBD0}
		{91732FBF-D745-4B77-9664-A583D8AD5EF2} = {7A336DC5-203A-4E16-B3A4-C6E2B79DDBD0}
		{FF122DE7-FAB0-4605-B5AA-D8716CBCB6E9} = {7A336DC5-203A-4E16-B3A4-C6E2B79DDBD0}
		{00BCCB49-80FC-48E4-8A2B-89E0F6313457} = {F7E4F3C1-E871-4BE9-8841-19E4FFB49572}
		{2A9C009B-5219-47DB-A540-106DADF9FC91} = {00BCCB49-80FC-48E4-8A2B-89E0F6313457}
		{8CE65361-7EFA-41B2-AE13-D6CC2A68105F} = {00BCCB49-80FC-48E4-8A2B-89E0F6313457}
		{DB0D1909-F63E-4E29-886B-1BB3D4CD9750} = {00BCCB49-80FC-48E4-8A2B-89E0F6313457}
		{F3350C3E-D64D-4881-876A-F371B4235EEA} = {00BCCB49-80FC-48E4-8A2B-89E0F6313457}
		{73514686-D25D-478B-9943-A86F6B0F3A37} = {00BCCB49-80FC-48E4-8A2B-89E0F6313457}
		{BC1BD60C-E7D8-4452-A21C-290AEC8E2E74} = {00BCCB49-80FC-48E4-8A2B-89E0F6313457}
		{8D33951F-683E-4513-8D7D-FB45206C9607} = {00BCCB49-80FC-48E4-8A2B-89E0F6313457}
		{497D472A-0BA8-4306-A110-C4D871FD5918} = {00BCCB49-80FC-48E4-8A2B-89E0F6313457}
		{E9A8A1F9-1943-45E2-9B9C-1E51A9154D76} = {00BCCB49-80FC-48E4-8A2B-89E0F6313457}
		{B090606B-651C-42CA-B459-1E8CBDE987EA} = {00BCCB49-80FC-48E4-8A2B-89E0F6313457}
		{187AB6FA-B34B-482B-AF4F-E0A82C196BEE} = {00BCCB49-80FC-48E4-8A2B-89E0F6313457}
		{16B9B850-ED3B-4B45-B0F2-3F802D44F382} = {00BCCB49-80FC-48E4-8A2B-89E0F6313457}
		{3D4690E1-8B66-4123-943D-E43B26E2764B} = {00BCCB49-80FC-48E4-8A2B-89E0F6313457}
		{5BF79424-C1FB-4583-8295-5F86C3150431} = {00BCCB49-80FC-48E4-8A2B-89E0F6313457}
		{F24358D6-7DAB-4DEB-A05E-0C4359C5F7CF} = {00BCCB49-80FC-48E4-8A2B-89E0F6313457}
		{65D8F6B3-DEE2-412B-95F2-77274461D58C} = {00BCCB49-80FC-48E4-8A2B-89E0F6313457}
		{2D1FDB2E-9E12-4453-BFF7-7F726D754791} = {00BCCB49-80FC-48E4-8A2B-89E0F6313457}
		{0ECCC344-21E8-4AD7-9CB9-933054200000} = {00BCCB49-80FC-48E4-8A2B-89E0F6313457}
		{CC76035A-056B-43F3-8FFB-92DE66A19305} = {00BCCB49-80FC-48E4-8A2B-89E0F6313457}
		{8A652779-85EF-48E2-A639-1EED3CE2C39C} = {00BCCB49-80FC-48E4-8A2B-89E0F6313457}
		{7735FCC6-4D1F-4FCA-8D8F-44515EF558C0} = {00BCCB49-80FC-48E4-8A2B-89E0F6313457}
		{A145AFFC-E0CF-4861-AB0C-427C7670FF37} = {00BCCB49-80FC-48E4-8A2B-89E0F6313457}
		{A4F61392-36A3-457C-80D0-9CDC48F5922F} = {00BCCB49-80FC-48E4-8A2B-89E0F6313457}
		{43BD15AA-E53D-4FB5-8E04-765EC86797F5} = {00BCCB49-80FC-48E4-8A2B-89E0F6313457}
		{9BCF7A12-6A5B-43FF-828A-A804F9B9DBB4} = {00BCCB49-80FC-48E4-8A2B-89E0F6313457}
		{BA9ED8EC-C8CB-490B-BE88-2173DEF64B27} = {00BCCB49-80FC-48E4-8A2B-89E0F6313457}
		{B84A0977-EF3A-44B0-B4EF-CE68B387AE63} = {00BCCB49-80FC-48E4-8A2B-89E0F6313457}
		{EBD697E3-91BE-4844-B3F0-6997300A8C12} = {00BCCB49-80FC-48E4-8A2B-89E0F6313457}
		{A1DD513F-2873-4AC4-8CA6-B8474C391A86} = {00BCCB49-80FC-48E4-8A2B-89E0F6313457}
		{DDE5FD37-930E-4150-973B-FF8FE12E4CFF} = {00BCCB49-80FC-48E4-8A2B-89E0F6313457}
		{A08113E1-DA6E-4861-8F4B-057D09864FA1} = {00BCCB49-80FC-48E4-8A2B-89E0F6313457}
		{7A4D8643-F6B4-4D65-9688-D81421A7E3EF} = {00BCCB49-80FC-48E4-8A2B-89E0F6313457}
	EndGlobalSection
	GlobalSection(ExtensibilityGlobals) = postSolution
		SolutionGuid = {D233C4D3-EC74-4C9C-827C-4EBFEF92ACDF}
	EndGlobalSection
EndGlobal
