
Microsoft Visual Studio Solution File, Format Version 12.00
# Visual Studio 15
VisualStudioVersion = 15.0.27130.2010
MinimumVisualStudioVersion = 10.0.40219.1
Project("{9A19103F-16F7-4668-BE54-9A1E7A4F7556}") = "Orleans.Providers.MongoDB", "Orleans.Providers.MongoDB\Orleans.Providers.MongoDB.csproj", "{E49725D0-D9E8-4F68-8FE3-919F062D3041}"
EndProject
Project("{2150E333-8FDC-42A3-9474-1A3956D46DE8}") = "Test", "Test", "{7A336DC5-203A-4E16-B3A4-C6E2B79DDBD0}"
EndProject
Project("{9A19103F-16F7-4668-BE54-9A1E7A4F7556}") = "Orleans.Providers.MongoDB.Test.Host", "Test\Host\Orleans.Providers.MongoDB.Test.Host.csproj", "{4B8A18F9-E41A-426A-9268-AAC92A6C8DEB}"
EndProject
Project("{9A19103F-16F7-4668-BE54-9A1E7A4F7556}") = "Orleans.Providers.MongoDB.Test.GrainInterfaces", "Test\GrainInterfaces\Orleans.Providers.MongoDB.Test.GrainInterfaces.csproj", "{91732FBF-D745-4B77-9664-A583D8AD5EF2}"
EndProject
Project("{9A19103F-16F7-4668-BE54-9A1E7A4F7556}") = "Orleans.Providers.MongoDB.Test.Grains", "Test\Grains\Orleans.Providers.MongoDB.Test.Grains.csproj", "{FF122DE7-FAB0-4605-B5AA-D8716CBCB6E9}"
EndProject
Project("{2150E333-8FDC-42A3-9474-1A3956D46DE8}") = "Solution Items", "Solution Items", "{95360976-D8C6-406C-9992-D0EF6D1E0AD3}"
	ProjectSection(SolutionItems) = preProject
		Orleans.Providers.MongoDB.sln.DotSettings = Orleans.Providers.MongoDB.sln.DotSettings
		README.md = README.md
	EndProjectSection
EndProject
Project("{9A19103F-16F7-4668-BE54-9A1E7A4F7556}") = "Orleans.Providers.MongoDB.UnitTest", "UnitTest\Orleans.Providers.MongoDB.UnitTest.csproj", "{BFDB3AA7-0778-4D84-BF58-537460AD9869}"
EndProject
Project("{2150E333-8FDC-42A3-9474-1A3956D46DE8}") = "Build", "Build", "{A29BB09A-B983-4BEC-80F0-FE28DE6B6CE9}"
	ProjectSection(SolutionItems) = preProject
		Build\Build.bat = Build\Build.bat
	EndProjectSection
EndProject
Global
	GlobalSection(SolutionConfigurationPlatforms) = preSolution
		Debug|Any CPU = Debug|Any CPU
		Debug|ARM = Debug|ARM
		Debug|x64 = Debug|x64
		Debug|x86 = Debug|x86
		Release|Any CPU = Release|Any CPU
		Release|ARM = Release|ARM
		Release|x64 = Release|x64
		Release|x86 = Release|x86
	EndGlobalSection
	GlobalSection(ProjectConfigurationPlatforms) = postSolution
		{E49725D0-D9E8-4F68-8FE3-919F062D3041}.Debug|Any CPU.ActiveCfg = Debug|Any CPU
		{E49725D0-D9E8-4F68-8FE3-919F062D3041}.Debug|Any CPU.Build.0 = Debug|Any CPU
		{E49725D0-D9E8-4F68-8FE3-919F062D3041}.Debug|ARM.ActiveCfg = Debug|Any CPU
		{E49725D0-D9E8-4F68-8FE3-919F062D3041}.Debug|ARM.Build.0 = Debug|Any CPU
		{E49725D0-D9E8-4F68-8FE3-919F062D3041}.Debug|x64.ActiveCfg = Debug|Any CPU
		{E49725D0-D9E8-4F68-8FE3-919F062D3041}.Debug|x64.Build.0 = Debug|Any CPU
		{E49725D0-D9E8-4F68-8FE3-919F062D3041}.Debug|x86.ActiveCfg = Debug|Any CPU
		{E49725D0-D9E8-4F68-8FE3-919F062D3041}.Debug|x86.Build.0 = Debug|Any CPU
		{E49725D0-D9E8-4F68-8FE3-919F062D3041}.Release|Any CPU.ActiveCfg = Release|Any CPU
		{E49725D0-D9E8-4F68-8FE3-919F062D3041}.Release|Any CPU.Build.0 = Release|Any CPU
		{E49725D0-D9E8-4F68-8FE3-919F062D3041}.Release|ARM.ActiveCfg = Release|Any CPU
		{E49725D0-D9E8-4F68-8FE3-919F062D3041}.Release|ARM.Build.0 = Release|Any CPU
		{E49725D0-D9E8-4F68-8FE3-919F062D3041}.Release|x64.ActiveCfg = Release|Any CPU
		{E49725D0-D9E8-4F68-8FE3-919F062D3041}.Release|x64.Build.0 = Release|Any CPU
		{E49725D0-D9E8-4F68-8FE3-919F062D3041}.Release|x86.ActiveCfg = Release|Any CPU
		{E49725D0-D9E8-4F68-8FE3-919F062D3041}.Release|x86.Build.0 = Release|Any CPU
		{4B8A18F9-E41A-426A-9268-AAC92A6C8DEB}.Debug|Any CPU.ActiveCfg = Debug|Any CPU
		{4B8A18F9-E41A-426A-9268-AAC92A6C8DEB}.Debug|Any CPU.Build.0 = Debug|Any CPU
		{4B8A18F9-E41A-426A-9268-AAC92A6C8DEB}.Debug|ARM.ActiveCfg = Debug|Any CPU
		{4B8A18F9-E41A-426A-9268-AAC92A6C8DEB}.Debug|ARM.Build.0 = Debug|Any CPU
		{4B8A18F9-E41A-426A-9268-AAC92A6C8DEB}.Debug|x64.ActiveCfg = Debug|Any CPU
		{4B8A18F9-E41A-426A-9268-AAC92A6C8DEB}.Debug|x64.Build.0 = Debug|Any CPU
		{4B8A18F9-E41A-426A-9268-AAC92A6C8DEB}.Debug|x86.ActiveCfg = Debug|Any CPU
		{4B8A18F9-E41A-426A-9268-AAC92A6C8DEB}.Debug|x86.Build.0 = Debug|Any CPU
		{4B8A18F9-E41A-426A-9268-AAC92A6C8DEB}.Release|Any CPU.ActiveCfg = Release|Any CPU
		{4B8A18F9-E41A-426A-9268-AAC92A6C8DEB}.Release|Any CPU.Build.0 = Release|Any CPU
		{4B8A18F9-E41A-426A-9268-AAC92A6C8DEB}.Release|ARM.ActiveCfg = Release|Any CPU
		{4B8A18F9-E41A-426A-9268-AAC92A6C8DEB}.Release|ARM.Build.0 = Release|Any CPU
		{4B8A18F9-E41A-426A-9268-AAC92A6C8DEB}.Release|x64.ActiveCfg = Release|Any CPU
		{4B8A18F9-E41A-426A-9268-AAC92A6C8DEB}.Release|x64.Build.0 = Release|Any CPU
		{4B8A18F9-E41A-426A-9268-AAC92A6C8DEB}.Release|x86.ActiveCfg = Release|Any CPU
		{4B8A18F9-E41A-426A-9268-AAC92A6C8DEB}.Release|x86.Build.0 = Release|Any CPU
		{91732FBF-D745-4B77-9664-A583D8AD5EF2}.Debug|Any CPU.ActiveCfg = Debug|Any CPU
		{91732FBF-D745-4B77-9664-A583D8AD5EF2}.Debug|Any CPU.Build.0 = Debug|Any CPU
		{91732FBF-D745-4B77-9664-A583D8AD5EF2}.Debug|ARM.ActiveCfg = Debug|Any CPU
		{91732FBF-D745-4B77-9664-A583D8AD5EF2}.Debug|ARM.Build.0 = Debug|Any CPU
		{91732FBF-D745-4B77-9664-A583D8AD5EF2}.Debug|x64.ActiveCfg = Debug|Any CPU
		{91732FBF-D745-4B77-9664-A583D8AD5EF2}.Debug|x64.Build.0 = Debug|Any CPU
		{91732FBF-D745-4B77-9664-A583D8AD5EF2}.Debug|x86.ActiveCfg = Debug|Any CPU
		{91732FBF-D745-4B77-9664-A583D8AD5EF2}.Debug|x86.Build.0 = Debug|Any CPU
		{91732FBF-D745-4B77-9664-A583D8AD5EF2}.Release|Any CPU.ActiveCfg = Release|Any CPU
		{91732FBF-D745-4B77-9664-A583D8AD5EF2}.Release|Any CPU.Build.0 = Release|Any CPU
		{91732FBF-D745-4B77-9664-A583D8AD5EF2}.Release|ARM.ActiveCfg = Release|Any CPU
		{91732FBF-D745-4B77-9664-A583D8AD5EF2}.Release|ARM.Build.0 = Release|Any CPU
		{91732FBF-D745-4B77-9664-A583D8AD5EF2}.Release|x64.ActiveCfg = Release|Any CPU
		{91732FBF-D745-4B77-9664-A583D8AD5EF2}.Release|x64.Build.0 = Release|Any CPU
		{91732FBF-D745-4B77-9664-A583D8AD5EF2}.Release|x86.ActiveCfg = Release|Any CPU
		{91732FBF-D745-4B77-9664-A583D8AD5EF2}.Release|x86.Build.0 = Release|Any CPU
		{FF122DE7-FAB0-4605-B5AA-D8716CBCB6E9}.Debug|Any CPU.ActiveCfg = Debug|Any CPU
		{FF122DE7-FAB0-4605-B5AA-D8716CBCB6E9}.Debug|Any CPU.Build.0 = Debug|Any CPU
		{FF122DE7-FAB0-4605-B5AA-D8716CBCB6E9}.Debug|ARM.ActiveCfg = Debug|Any CPU
		{FF122DE7-FAB0-4605-B5AA-D8716CBCB6E9}.Debug|ARM.Build.0 = Debug|Any CPU
		{FF122DE7-FAB0-4605-B5AA-D8716CBCB6E9}.Debug|x64.ActiveCfg = Debug|Any CPU
		{FF122DE7-FAB0-4605-B5AA-D8716CBCB6E9}.Debug|x64.Build.0 = Debug|Any CPU
		{FF122DE7-FAB0-4605-B5AA-D8716CBCB6E9}.Debug|x86.ActiveCfg = Debug|Any CPU
		{FF122DE7-FAB0-4605-B5AA-D8716CBCB6E9}.Debug|x86.Build.0 = Debug|Any CPU
		{FF122DE7-FAB0-4605-B5AA-D8716CBCB6E9}.Release|Any CPU.ActiveCfg = Release|Any CPU
		{FF122DE7-FAB0-4605-B5AA-D8716CBCB6E9}.Release|Any CPU.Build.0 = Release|Any CPU
		{FF122DE7-FAB0-4605-B5AA-D8716CBCB6E9}.Release|ARM.ActiveCfg = Release|Any CPU
		{FF122DE7-FAB0-4605-B5AA-D8716CBCB6E9}.Release|ARM.Build.0 = Release|Any CPU
		{FF122DE7-FAB0-4605-B5AA-D8716CBCB6E9}.Release|x64.ActiveCfg = Release|Any CPU
		{FF122DE7-FAB0-4605-B5AA-D8716CBCB6E9}.Release|x64.Build.0 = Release|Any CPU
		{FF122DE7-FAB0-4605-B5AA-D8716CBCB6E9}.Release|x86.ActiveCfg = Release|Any CPU
		{FF122DE7-FAB0-4605-B5AA-D8716CBCB6E9}.Release|x86.Build.0 = Release|Any CPU
		{BFDB3AA7-0778-4D84-BF58-537460AD9869}.Debug|Any CPU.ActiveCfg = Debug|Any CPU
		{BFDB3AA7-0778-4D84-BF58-537460AD9869}.Debug|Any CPU.Build.0 = Debug|Any CPU
		{BFDB3AA7-0778-4D84-BF58-537460AD9869}.Debug|ARM.ActiveCfg = Debug|Any CPU
		{BFDB3AA7-0778-4D84-BF58-537460AD9869}.Debug|ARM.Build.0 = Debug|Any CPU
		{BFDB3AA7-0778-4D84-BF58-537460AD9869}.Debug|x64.ActiveCfg = Debug|Any CPU
		{BFDB3AA7-0778-4D84-BF58-537460AD9869}.Debug|x64.Build.0 = Debug|Any CPU
		{BFDB3AA7-0778-4D84-BF58-537460AD9869}.Debug|x86.ActiveCfg = Debug|Any CPU
		{BFDB3AA7-0778-4D84-BF58-537460AD9869}.Debug|x86.Build.0 = Debug|Any CPU
		{BFDB3AA7-0778-4D84-BF58-537460AD9869}.Release|Any CPU.ActiveCfg = Release|Any CPU
		{BFDB3AA7-0778-4D84-BF58-537460AD9869}.Release|Any CPU.Build.0 = Release|Any CPU
		{BFDB3AA7-0778-4D84-BF58-537460AD9869}.Release|ARM.ActiveCfg = Release|Any CPU
		{BFDB3AA7-0778-4D84-BF58-537460AD9869}.Release|ARM.Build.0 = Release|Any CPU
		{BFDB3AA7-0778-4D84-BF58-537460AD9869}.Release|x64.ActiveCfg = Release|Any CPU
		{BFDB3AA7-0778-4D84-BF58-537460AD9869}.Release|x64.Build.0 = Release|Any CPU
		{BFDB3AA7-0778-4D84-BF58-537460AD9869}.Release|x86.ActiveCfg = Release|Any CPU
		{BFDB3AA7-0778-4D84-BF58-537460AD9869}.Release|x86.Build.0 = Release|Any CPU
	EndGlobalSection
	GlobalSection(SolutionProperties) = preSolution
		HideSolutionNode = FALSE
	EndGlobalSection
	GlobalSection(NestedProjects) = preSolution
		{4B8A18F9-E41A-426A-9268-AAC92A6C8DEB} = {7A336DC5-203A-4E16-B3A4-C6E2B79DDBD0}
		{91732FBF-D745-4B77-9664-A583D8AD5EF2} = {7A336DC5-203A-4E16-B3A4-C6E2B79DDBD0}
		{FF122DE7-FAB0-4605-B5AA-D8716CBCB6E9} = {7A336DC5-203A-4E16-B3A4-C6E2B79DDBD0}
	EndGlobalSection
	GlobalSection(ExtensibilityGlobals) = postSolution
		SolutionGuid = {D233C4D3-EC74-4C9C-827C-4EBFEF92ACDF}
	EndGlobalSection
EndGlobal
